// !$*UTF8*$!
{
	archiveVersion = 1;
	classes = {
	};
	objectVersion = 46;
	objects = {

/* Begin PBXBuildFile section */
		874FACF81B33A9D7002EABB0 /* AppDelegate.swift in Sources */ = {isa = PBXBuildFile; fileRef = 874FACF71B33A9D7002EABB0 /* AppDelegate.swift */; };
		874FACFB1B33A9D7002EABB0 /* SixOhFour.xcdatamodeld in Sources */ = {isa = PBXBuildFile; fileRef = 874FACF91B33A9D7002EABB0 /* SixOhFour.xcdatamodeld */; };
		874FACFD1B33A9D7002EABB0 /* ViewController.swift in Sources */ = {isa = PBXBuildFile; fileRef = 874FACFC1B33A9D7002EABB0 /* ViewController.swift */; };
		874FAD001B33A9D7002EABB0 /* Main.storyboard in Resources */ = {isa = PBXBuildFile; fileRef = 874FACFE1B33A9D7002EABB0 /* Main.storyboard */; };
		874FAD021B33A9D7002EABB0 /* Images.xcassets in Resources */ = {isa = PBXBuildFile; fileRef = 874FAD011B33A9D7002EABB0 /* Images.xcassets */; };
		874FAD051B33A9D7002EABB0 /* LaunchScreen.xib in Resources */ = {isa = PBXBuildFile; fileRef = 874FAD031B33A9D7002EABB0 /* LaunchScreen.xib */; };
		874FAD111B33A9D7002EABB0 /* SixOhFourTests.swift in Sources */ = {isa = PBXBuildFile; fileRef = 874FAD101B33A9D7002EABB0 /* SixOhFourTests.swift */; };
/* End PBXBuildFile section */

/* Begin PBXContainerItemProxy section */
		874FAD0B1B33A9D7002EABB0 /* PBXContainerItemProxy */ = {
			isa = PBXContainerItemProxy;
			containerPortal = 874FACEA1B33A9D7002EABB0 /* Project object */;
			proxyType = 1;
			remoteGlobalIDString = 874FACF11B33A9D7002EABB0;
			remoteInfo = SixOhFour;
		};
/* End PBXContainerItemProxy section */

/* Begin PBXFileReference section */
		874FACF21B33A9D7002EABB0 /* SixOhFour.app */ = {isa = PBXFileReference; explicitFileType = wrapper.application; includeInIndex = 0; path = SixOhFour.app; sourceTree = BUILT_PRODUCTS_DIR; };
		874FACF61B33A9D7002EABB0 /* Info.plist */ = {isa = PBXFileReference; lastKnownFileType = text.plist.xml; path = Info.plist; sourceTree = "<group>"; };
		874FACF71B33A9D7002EABB0 /* AppDelegate.swift */ = {isa = PBXFileReference; lastKnownFileType = sourcecode.swift; path = AppDelegate.swift; sourceTree = "<group>"; };
		874FACFA1B33A9D7002EABB0 /* SixOhFour.xcdatamodel */ = {isa = PBXFileReference; lastKnownFileType = wrapper.xcdatamodel; path = SixOhFour.xcdatamodel; sourceTree = "<group>"; };
		874FACFC1B33A9D7002EABB0 /* ViewController.swift */ = {isa = PBXFileReference; lastKnownFileType = sourcecode.swift; path = ViewController.swift; sourceTree = "<group>"; };
		874FACFF1B33A9D7002EABB0 /* Base */ = {isa = PBXFileReference; lastKnownFileType = file.storyboard; name = Base; path = Base.lproj/Main.storyboard; sourceTree = "<group>"; };
		874FAD011B33A9D7002EABB0 /* Images.xcassets */ = {isa = PBXFileReference; lastKnownFileType = folder.assetcatalog; path = Images.xcassets; sourceTree = "<group>"; };
		874FAD041B33A9D7002EABB0 /* Base */ = {isa = PBXFileReference; lastKnownFileType = file.xib; name = Base; path = Base.lproj/LaunchScreen.xib; sourceTree = "<group>"; };
		874FAD0A1B33A9D7002EABB0 /* SixOhFourTests.xctest */ = {isa = PBXFileReference; explicitFileType = wrapper.cfbundle; includeInIndex = 0; path = SixOhFourTests.xctest; sourceTree = BUILT_PRODUCTS_DIR; };
		874FAD0F1B33A9D7002EABB0 /* Info.plist */ = {isa = PBXFileReference; lastKnownFileType = text.plist.xml; path = Info.plist; sourceTree = "<group>"; };
		874FAD101B33A9D7002EABB0 /* SixOhFourTests.swift */ = {isa = PBXFileReference; lastKnownFileType = sourcecode.swift; path = SixOhFourTests.swift; sourceTree = "<group>"; };
/* End PBXFileReference section */

/* Begin PBXFrameworksBuildPhase section */
		874FACEF1B33A9D7002EABB0 /* Frameworks */ = {
			isa = PBXFrameworksBuildPhase;
			buildActionMask = 2147483647;
			files = (
			);
			runOnlyForDeploymentPostprocessing = 0;
		};
		874FAD071B33A9D7002EABB0 /* Frameworks */ = {
			isa = PBXFrameworksBuildPhase;
			buildActionMask = 2147483647;
			files = (
			);
			runOnlyForDeploymentPostprocessing = 0;
		};
/* End PBXFrameworksBuildPhase section */

/* Begin PBXGroup section */
		874FACE91B33A9D7002EABB0 = {
			isa = PBXGroup;
			children = (
				874FACF41B33A9D7002EABB0 /* SixOhFour */,
				874FAD0D1B33A9D7002EABB0 /* SixOhFourTests */,
				874FACF31B33A9D7002EABB0 /* Products */,
			);
			sourceTree = "<group>";
		};
		874FACF31B33A9D7002EABB0 /* Products */ = {
			isa = PBXGroup;
			children = (
				874FACF21B33A9D7002EABB0 /* SixOhFour.app */,
				874FAD0A1B33A9D7002EABB0 /* SixOhFourTests.xctest */,
			);
			name = Products;
			sourceTree = "<group>";
		};
		874FACF41B33A9D7002EABB0 /* SixOhFour */ = {
			isa = PBXGroup;
			children = (
				874FACF71B33A9D7002EABB0 /* AppDelegate.swift */,
				874FACFC1B33A9D7002EABB0 /* ViewController.swift */,
				874FACFE1B33A9D7002EABB0 /* Main.storyboard */,
				874FAD011B33A9D7002EABB0 /* Images.xcassets */,
				874FAD031B33A9D7002EABB0 /* LaunchScreen.xib */,
				874FACF91B33A9D7002EABB0 /* SixOhFour.xcdatamodeld */,
				874FACF51B33A9D7002EABB0 /* Supporting Files */,
			);
			path = SixOhFour;
			sourceTree = "<group>";
		};
		874FACF51B33A9D7002EABB0 /* Supporting Files */ = {
			isa = PBXGroup;
			children = (
				874FACF61B33A9D7002EABB0 /* Info.plist */,
			);
			name = "Supporting Files";
			sourceTree = "<group>";
		};
		874FAD0D1B33A9D7002EABB0 /* SixOhFourTests */ = {
			isa = PBXGroup;
			children = (
				874FAD101B33A9D7002EABB0 /* SixOhFourTests.swift */,
				874FAD0E1B33A9D7002EABB0 /* Supporting Files */,
			);
			path = SixOhFourTests;
			sourceTree = "<group>";
		};
		874FAD0E1B33A9D7002EABB0 /* Supporting Files */ = {
			isa = PBXGroup;
			children = (
				874FAD0F1B33A9D7002EABB0 /* Info.plist */,
			);
			name = "Supporting Files";
			sourceTree = "<group>";
		};
/* End PBXGroup section */

/* Begin PBXNativeTarget section */
		874FACF11B33A9D7002EABB0 /* SixOhFour */ = {
			isa = PBXNativeTarget;
			buildConfigurationList = 874FAD141B33A9D7002EABB0 /* Build configuration list for PBXNativeTarget "SixOhFour" */;
			buildPhases = (
				874FACEE1B33A9D7002EABB0 /* Sources */,
				874FACEF1B33A9D7002EABB0 /* Frameworks */,
				874FACF01B33A9D7002EABB0 /* Resources */,
			);
			buildRules = (
			);
			dependencies = (
			);
			name = SixOhFour;
			productName = SixOhFour;
			productReference = 874FACF21B33A9D7002EABB0 /* SixOhFour.app */;
			productType = "com.apple.product-type.application";
		};
		874FAD091B33A9D7002EABB0 /* SixOhFourTests */ = {
			isa = PBXNativeTarget;
			buildConfigurationList = 874FAD171B33A9D7002EABB0 /* Build configuration list for PBXNativeTarget "SixOhFourTests" */;
			buildPhases = (
				874FAD061B33A9D7002EABB0 /* Sources */,
				874FAD071B33A9D7002EABB0 /* Frameworks */,
				874FAD081B33A9D7002EABB0 /* Resources */,
			);
			buildRules = (
			);
			dependencies = (
				874FAD0C1B33A9D7002EABB0 /* PBXTargetDependency */,
			);
			name = SixOhFourTests;
			productName = SixOhFourTests;
			productReference = 874FAD0A1B33A9D7002EABB0 /* SixOhFourTests.xctest */;
			productType = "com.apple.product-type.bundle.unit-test";
		};
/* End PBXNativeTarget section */

/* Begin PBXProject section */
		874FACEA1B33A9D7002EABB0 /* Project object */ = {
			isa = PBXProject;
			attributes = {
				LastUpgradeCheck = 0630;
				ORGANIZATIONNAME = vinceboogie;
				TargetAttributes = {
					874FACF11B33A9D7002EABB0 = {
						CreatedOnToolsVersion = 6.3.2;
					};
					874FAD091B33A9D7002EABB0 = {
						CreatedOnToolsVersion = 6.3.2;
						TestTargetID = 874FACF11B33A9D7002EABB0;
					};
				};
			};
			buildConfigurationList = 874FACED1B33A9D7002EABB0 /* Build configuration list for PBXProject "SixOhFour" */;
			compatibilityVersion = "Xcode 3.2";
			developmentRegion = English;
			hasScannedForEncodings = 0;
			knownRegions = (
				en,
				Base,
			);
			mainGroup = 874FACE91B33A9D7002EABB0;
			productRefGroup = 874FACF31B33A9D7002EABB0 /* Products */;
			projectDirPath = "";
			projectRoot = "";
			targets = (
				874FACF11B33A9D7002EABB0 /* SixOhFour */,
				874FAD091B33A9D7002EABB0 /* SixOhFourTests */,
			);
		};
/* End PBXProject section */

/* Begin PBXResourcesBuildPhase section */
		874FACF01B33A9D7002EABB0 /* Resources */ = {
			isa = PBXResourcesBuildPhase;
			buildActionMask = 2147483647;
			files = (
				874FAD001B33A9D7002EABB0 /* Main.storyboard in Resources */,
				874FAD051B33A9D7002EABB0 /* LaunchScreen.xib in Resources */,
				874FAD021B33A9D7002EABB0 /* Images.xcassets in Resources */,
			);
			runOnlyForDeploymentPostprocessing = 0;
		};
		874FAD081B33A9D7002EABB0 /* Resources */ = {
			isa = PBXResourcesBuildPhase;
			buildActionMask = 2147483647;
			files = (
			);
			runOnlyForDeploymentPostprocessing = 0;
		};
/* End PBXResourcesBuildPhase section */

/* Begin PBXSourcesBuildPhase section */
		874FACEE1B33A9D7002EABB0 /* Sources */ = {
			isa = PBXSourcesBuildPhase;
			buildActionMask = 2147483647;
			files = (
				874FACFD1B33A9D7002EABB0 /* ViewController.swift in Sources */,
				874FACF81B33A9D7002EABB0 /* AppDelegate.swift in Sources */,
				874FACFB1B33A9D7002EABB0 /* SixOhFour.xcdatamodeld in Sources */,
			);
			runOnlyForDeploymentPostprocessing = 0;
		};
		874FAD061B33A9D7002EABB0 /* Sources */ = {
			isa = PBXSourcesBuildPhase;
			buildActionMask = 2147483647;
			files = (
				874FAD111B33A9D7002EABB0 /* SixOhFourTests.swift in Sources */,
			);
			runOnlyForDeploymentPostprocessing = 0;
		};
/* End PBXSourcesBuildPhase section */

/* Begin PBXTargetDependency section */
		874FAD0C1B33A9D7002EABB0 /* PBXTargetDependency */ = {
			isa = PBXTargetDependency;
			target = 874FACF11B33A9D7002EABB0 /* SixOhFour */;
			targetProxy = 874FAD0B1B33A9D7002EABB0 /* PBXContainerItemProxy */;
		};
/* End PBXTargetDependency section */

/* Begin PBXVariantGroup section */
		874FACFE1B33A9D7002EABB0 /* Main.storyboard */ = {
			isa = PBXVariantGroup;
			children = (
				874FACFF1B33A9D7002EABB0 /* Base */,
			);
			name = Main.storyboard;
			sourceTree = "<group>";
		};
		874FAD031B33A9D7002EABB0 /* LaunchScreen.xib */ = {
			isa = PBXVariantGroup;
			children = (
				874FAD041B33A9D7002EABB0 /* Base */,
			);
			name = LaunchScreen.xib;
			sourceTree = "<group>";
		};
/* End PBXVariantGroup section */

/* Begin XCBuildConfiguration section */
		874FAD121B33A9D7002EABB0 /* Debug */ = {
			isa = XCBuildConfiguration;
			buildSettings = {
				ALWAYS_SEARCH_USER_PATHS = NO;
				CLANG_CXX_LANGUAGE_STANDARD = "gnu++0x";
				CLANG_CXX_LIBRARY = "libc++";
				CLANG_ENABLE_MODULES = YES;
				CLANG_ENABLE_OBJC_ARC = YES;
				CLANG_WARN_BOOL_CONVERSION = YES;
				CLANG_WARN_CONSTANT_CONVERSION = YES;
				CLANG_WARN_DIRECT_OBJC_ISA_USAGE = YES_ERROR;
				CLANG_WARN_EMPTY_BODY = YES;
				CLANG_WARN_ENUM_CONVERSION = YES;
				CLANG_WARN_INT_CONVERSION = YES;
				CLANG_WARN_OBJC_ROOT_CLASS = YES_ERROR;
				CLANG_WARN_UNREACHABLE_CODE = YES;
				CLANG_WARN__DUPLICATE_METHOD_MATCH = YES;
				"CODE_SIGN_IDENTITY[sdk=iphoneos*]" = "iPhone Developer";
				COPY_PHASE_STRIP = NO;
				DEBUG_INFORMATION_FORMAT = "dwarf-with-dsym";
				ENABLE_STRICT_OBJC_MSGSEND = YES;
				GCC_C_LANGUAGE_STANDARD = gnu99;
				GCC_DYNAMIC_NO_PIC = NO;
				GCC_NO_COMMON_BLOCKS = YES;
				GCC_OPTIMIZATION_LEVEL = 0;
				GCC_PREPROCESSOR_DEFINITIONS = (
					"DEBUG=1",
					"$(inherited)",
				);
				GCC_SYMBOLS_PRIVATE_EXTERN = NO;
				GCC_WARN_64_TO_32_BIT_CONVERSION = YES;
				GCC_WARN_ABOUT_RETURN_TYPE = YES_ERROR;
				GCC_WARN_UNDECLARED_SELECTOR = YES;
				GCC_WARN_UNINITIALIZED_AUTOS = YES_AGGRESSIVE;
				GCC_WARN_UNUSED_FUNCTION = YES;
				GCC_WARN_UNUSED_VARIABLE = YES;
				IPHONEOS_DEPLOYMENT_TARGET = 8.3;
				MTL_ENABLE_DEBUG_INFO = YES;
				ONLY_ACTIVE_ARCH = YES;
				SDKROOT = iphoneos;
				SWIFT_OPTIMIZATION_LEVEL = "-Onone";
			};
			name = Debug;
		};
		874FAD131B33A9D7002EABB0 /* Release */ = {
			isa = XCBuildConfiguration;
			buildSettings = {
				ALWAYS_SEARCH_USER_PATHS = NO;
				CLANG_CXX_LANGUAGE_STANDARD = "gnu++0x";
				CLANG_CXX_LIBRARY = "libc++";
				CLANG_ENABLE_MODULES = YES;
				CLANG_ENABLE_OBJC_ARC = YES;
				CLANG_WARN_BOOL_CONVERSION = YES;
				CLANG_WARN_CONSTANT_CONVERSION = YES;
				CLANG_WARN_DIRECT_OBJC_ISA_USAGE = YES_ERROR;
				CLANG_WARN_EMPTY_BODY = YES;
				CLANG_WARN_ENUM_CONVERSION = YES;
				CLANG_WARN_INT_CONVERSION = YES;
				CLANG_WARN_OBJC_ROOT_CLASS = YES_ERROR;
				CLANG_WARN_UNREACHABLE_CODE = YES;
				CLANG_WARN__DUPLICATE_METHOD_MATCH = YES;
				"CODE_SIGN_IDENTITY[sdk=iphoneos*]" = "iPhone Developer";
				COPY_PHASE_STRIP = NO;
				DEBUG_INFORMATION_FORMAT = "dwarf-with-dsym";
				ENABLE_NS_ASSERTIONS = NO;
				ENABLE_STRICT_OBJC_MSGSEND = YES;
				GCC_C_LANGUAGE_STANDARD = gnu99;
				GCC_NO_COMMON_BLOCKS = YES;
				GCC_WARN_64_TO_32_BIT_CONVERSION = YES;
				GCC_WARN_ABOUT_RETURN_TYPE = YES_ERROR;
				GCC_WARN_UNDECLARED_SELECTOR = YES;
				GCC_WARN_UNINITIALIZED_AUTOS = YES_AGGRESSIVE;
				GCC_WARN_UNUSED_FUNCTION = YES;
				GCC_WARN_UNUSED_VARIABLE = YES;
				IPHONEOS_DEPLOYMENT_TARGET = 8.3;
				MTL_ENABLE_DEBUG_INFO = NO;
				SDKROOT = iphoneos;
				VALIDATE_PRODUCT = YES;
			};
			name = Release;
		};
		874FAD151B33A9D7002EABB0 /* Debug */ = {
			isa = XCBuildConfiguration;
			buildSettings = {
				ASSETCATALOG_COMPILER_APPICON_NAME = AppIcon;
				INFOPLIST_FILE = SixOhFour/Info.plist;
				LD_RUNPATH_SEARCH_PATHS = "$(inherited) @executable_path/Frameworks";
				PRODUCT_NAME = "$(TARGET_NAME)";
			};
			name = Debug;
		};
		874FAD161B33A9D7002EABB0 /* Release */ = {
			isa = XCBuildConfiguration;
			buildSettings = {
				ASSETCATALOG_COMPILER_APPICON_NAME = AppIcon;
				INFOPLIST_FILE = SixOhFour/Info.plist;
				LD_RUNPATH_SEARCH_PATHS = "$(inherited) @executable_path/Frameworks";
				PRODUCT_NAME = "$(TARGET_NAME)";
			};
			name = Release;
		};
		874FAD181B33A9D7002EABB0 /* Debug */ = {
			isa = XCBuildConfiguration;
			buildSettings = {
				BUNDLE_LOADER = "$(TEST_HOST)";
				FRAMEWORK_SEARCH_PATHS = (
					"$(SDKROOT)/Developer/Library/Frameworks",
					"$(inherited)",
				);
				GCC_PREPROCESSOR_DEFINITIONS = (
					"DEBUG=1",
					"$(inherited)",
				);
				INFOPLIST_FILE = SixOhFourTests/Info.plist;
				LD_RUNPATH_SEARCH_PATHS = "$(inherited) @executable_path/Frameworks @loader_path/Frameworks";
				PRODUCT_NAME = "$(TARGET_NAME)";
				TEST_HOST = "$(BUILT_PRODUCTS_DIR)/SixOhFour.app/SixOhFour";
			};
			name = Debug;
		};
		874FAD191B33A9D7002EABB0 /* Release */ = {
			isa = XCBuildConfiguration;
			buildSettings = {
				BUNDLE_LOADER = "$(TEST_HOST)";
				FRAMEWORK_SEARCH_PATHS = (
					"$(SDKROOT)/Developer/Library/Frameworks",
					"$(inherited)",
				);
				INFOPLIST_FILE = SixOhFourTests/Info.plist;
				LD_RUNPATH_SEARCH_PATHS = "$(inherited) @executable_path/Frameworks @loader_path/Frameworks";
				PRODUCT_NAME = "$(TARGET_NAME)";
				TEST_HOST = "$(BUILT_PRODUCTS_DIR)/SixOhFour.app/SixOhFour";
			};
			name = Release;
		};
/* End XCBuildConfiguration section */

/* Begin XCConfigurationList section */
		874FACED1B33A9D7002EABB0 /* Build configuration list for PBXProject "SixOhFour" */ = {
			isa = XCConfigurationList;
			buildConfigurations = (
				874FAD121B33A9D7002EABB0 /* Debug */,
				874FAD131B33A9D7002EABB0 /* Release */,
			);
			defaultConfigurationIsVisible = 0;
			defaultConfigurationName = Release;
		};
		874FAD141B33A9D7002EABB0 /* Build configuration list for PBXNativeTarget "SixOhFour" */ = {
			isa = XCConfigurationList;
			buildConfigurations = (
				874FAD151B33A9D7002EABB0 /* Debug */,
				874FAD161B33A9D7002EABB0 /* Release */,
			);
			defaultConfigurationIsVisible = 0;
		};
		874FAD171B33A9D7002EABB0 /* Build configuration list for PBXNativeTarget "SixOhFourTests" */ = {
			isa = XCConfigurationList;
			buildConfigurations = (
				874FAD181B33A9D7002EABB0 /* Debug */,
				874FAD191B33A9D7002EABB0 /* Release */,
			);
			defaultConfigurationIsVisible = 0;
		};
/* End XCConfigurationList section */

/* Begin XCVersionGroup section */
		874FACF91B33A9D7002EABB0 /* SixOhFour.xcdatamodeld */ = {
			isa = XCVersionGroup;
			children = (
				874FACFA1B33A9D7002EABB0 /* SixOhFour.xcdatamodel */,
			);
			currentVersion = 874FACFA1B33A9D7002EABB0 /* SixOhFour.xcdatamodel */;
			path = SixOhFour.xcdatamodeld;
			sourceTree = "<group>";
			versionGroupType = wrapper.xcdatamodel;
		};
/* End XCVersionGroup section */
	};
	rootObject = 874FACEA1B33A9D7002EABB0 /* Project object */;
}
