// !$*UTF8*$!
{
	archiveVersion = 1;
	classes = {
	};
	objectVersion = 46;
	objects = {

/* Begin PBXBuildFile section */
		001464781B4E06D400AC0C9F /* ClockInStoryboard.storyboard in Resources */ = {isa = PBXBuildFile; fileRef = 001464771B4E06D400AC0C9F /* ClockInStoryboard.storyboard */; };
		004999FE1B87877400BD7A08 /* IncompleteShiftsTableViewController.swift in Sources */ = {isa = PBXBuildFile; fileRef = 004999FD1B87877400BD7A08 /* IncompleteShiftsTableViewController.swift */; };
		00499A001B8787C900BD7A08 /* ShiftTableViewController.swift in Sources */ = {isa = PBXBuildFile; fileRef = 004999FF1B8787C900BD7A08 /* ShiftTableViewController.swift */; };
		004C09911B7CF9ED004F4527 /* WatchCounter.swift in Sources */ = {isa = PBXBuildFile; fileRef = 004C09901B7CF9ED004F4527 /* WatchCounter.swift */; };
		004C09931B7D14D4004F4527 /* DetailsTableViewController.swift in Sources */ = {isa = PBXBuildFile; fileRef = 004C09921B7D14D4004F4527 /* DetailsTableViewController.swift */; };
		00521B971B758C0900735849 /* SetBreakTimeViewController.swift in Sources */ = {isa = PBXBuildFile; fileRef = 00521B961B758C0900735849 /* SetBreakTimeViewController.swift */; };
		006ABA421B8972460065B6DB /* AddShiftViewController.swift in Sources */ = {isa = PBXBuildFile; fileRef = 006ABA411B8972460065B6DB /* AddShiftViewController.swift */; };
		00941E341B7D828500656726 /* ManualEditsListTableViewCell.swift in Sources */ = {isa = PBXBuildFile; fileRef = 00941E331B7D828500656726 /* ManualEditsListTableViewCell.swift */; };
		00A068DB1B7BC36B003719B8 /* String+SixOhFour.swift in Sources */ = {isa = PBXBuildFile; fileRef = 00A068DA1B7BC36B003719B8 /* String+SixOhFour.swift */; };
		00A068DD1B7C36B1003719B8 /* TimelogCell.swift in Sources */ = {isa = PBXBuildFile; fileRef = 00A068DC1B7C36B1003719B8 /* TimelogCell.swift */; };
		870CECBF1B4F4E9C00B30AAE /* PayRateTableViewController.swift in Sources */ = {isa = PBXBuildFile; fileRef = 870CECBE1B4F4E9C00B30AAE /* PayRateTableViewController.swift */; };
		870CECC11B4F77C900B30AAE /* AddJobTableViewController.swift in Sources */ = {isa = PBXBuildFile; fileRef = 870CECC01B4F77C900B30AAE /* AddJobTableViewController.swift */; };
		871307391B630E4B00D96582 /* TimesheetViewController.swift in Sources */ = {isa = PBXBuildFile; fileRef = 871307381B630E4B00D96582 /* TimesheetViewController.swift */; };
		87238A461B3E25AA004D44CA /* AddJobStoryboard.storyboard in Resources */ = {isa = PBXBuildFile; fileRef = 87238A451B3E25AA004D44CA /* AddJobStoryboard.storyboard */; };
		87238A4C1B3E2EC5004D44CA /* CalendarStoryboard.storyboard in Resources */ = {isa = PBXBuildFile; fileRef = 87238A4B1B3E2EC5004D44CA /* CalendarStoryboard.storyboard */; };
		87238A4E1B3E300A004D44CA /* CalendarViewController.swift in Sources */ = {isa = PBXBuildFile; fileRef = 87238A4D1B3E300A004D44CA /* CalendarViewController.swift */; };
		87238A501B3E3212004D44CA /* ClockInViewController.swift in Sources */ = {isa = PBXBuildFile; fileRef = 87238A4F1B3E3212004D44CA /* ClockInViewController.swift */; };
		874FACF81B33A9D7002EABB0 /* AppDelegate.swift in Sources */ = {isa = PBXBuildFile; fileRef = 874FACF71B33A9D7002EABB0 /* AppDelegate.swift */; };
		874FACFB1B33A9D7002EABB0 /* SixOhFour.xcdatamodeld in Sources */ = {isa = PBXBuildFile; fileRef = 874FACF91B33A9D7002EABB0 /* SixOhFour.xcdatamodeld */; };
		874FAD001B33A9D7002EABB0 /* Main.storyboard in Resources */ = {isa = PBXBuildFile; fileRef = 874FACFE1B33A9D7002EABB0 /* Main.storyboard */; };
		874FAD021B33A9D7002EABB0 /* Images.xcassets in Resources */ = {isa = PBXBuildFile; fileRef = 874FAD011B33A9D7002EABB0 /* Images.xcassets */; };
		874FAD051B33A9D7002EABB0 /* LaunchScreen.xib in Resources */ = {isa = PBXBuildFile; fileRef = 874FAD031B33A9D7002EABB0 /* LaunchScreen.xib */; };
		874FAD111B33A9D7002EABB0 /* SixOhFourTests.swift in Sources */ = {isa = PBXBuildFile; fileRef = 874FAD101B33A9D7002EABB0 /* SixOhFourTests.swift */; };
		879277011B5868E90023CBA6 /* JobOverviewViewController.swift in Sources */ = {isa = PBXBuildFile; fileRef = 879277001B5868E90023CBA6 /* JobOverviewViewController.swift */; };
		879277031B588B2C0023CBA6 /* PayRate.swift in Sources */ = {isa = PBXBuildFile; fileRef = 879277021B588B2C0023CBA6 /* PayRate.swift */; };
		87B57CD71B509B4400D9B438 /* JobsListCell.swift in Sources */ = {isa = PBXBuildFile; fileRef = 87B57CD61B509B4400D9B438 /* JobsListCell.swift */; };
		87B7C1801B69C22700C65C96 /* WorkedShift.swift in Sources */ = {isa = PBXBuildFile; fileRef = 87B7C17F1B69C22700C65C96 /* WorkedShift.swift */; };
		87B7C1841B69C22800C65C96 /* Company.swift in Sources */ = {isa = PBXBuildFile; fileRef = 87B7C1831B69C22800C65C96 /* Company.swift */; };
		87B7C1861B69C22800C65C96 /* Job.swift in Sources */ = {isa = PBXBuildFile; fileRef = 87B7C1851B69C22800C65C96 /* Job.swift */; };
		87B7C1881B69C22800C65C96 /* RepeatingSchedule.swift in Sources */ = {isa = PBXBuildFile; fileRef = 87B7C1871B69C22800C65C96 /* RepeatingSchedule.swift */; };
		87B7C18A1B69C22800C65C96 /* Reminders.swift in Sources */ = {isa = PBXBuildFile; fileRef = 87B7C1891B69C22800C65C96 /* Reminders.swift */; };
		87B7C18C1B69C22800C65C96 /* ScheduledShift.swift in Sources */ = {isa = PBXBuildFile; fileRef = 87B7C18B1B69C22800C65C96 /* ScheduledShift.swift */; };
		87B7C18E1B69C22800C65C96 /* Timelog.swift in Sources */ = {isa = PBXBuildFile; fileRef = 87B7C18D1B69C22800C65C96 /* Timelog.swift */; };
		87B7C1901B69C91D00C65C96 /* Color.swift in Sources */ = {isa = PBXBuildFile; fileRef = 87B7C18F1B69C91D00C65C96 /* Color.swift */; };
		87EAE1331B6B05D000EBEF78 /* TimesheetCell.swift in Sources */ = {isa = PBXBuildFile; fileRef = 87EAE1321B6B05D000EBEF78 /* TimesheetCell.swift */; };
		87EAE1351B6B15C000EBEF78 /* TSDetailsViewController.swift in Sources */ = {isa = PBXBuildFile; fileRef = 87EAE1341B6B15C000EBEF78 /* TSDetailsViewController.swift */; };
		87EAE1371B6B18FA00EBEF78 /* DetailsCell.swift in Sources */ = {isa = PBXBuildFile; fileRef = 87EAE1361B6B18FA00EBEF78 /* DetailsCell.swift */; };
		B936D63F1B607674009777A7 /* EndRepeatTableViewController.swift in Sources */ = {isa = PBXBuildFile; fileRef = B936D63E1B607674009777A7 /* EndRepeatTableViewController.swift */; };
		B93E88891B45FFA00030877B /* JobColorView.swift in Sources */ = {isa = PBXBuildFile; fileRef = B93E88881B45FFA00030877B /* JobColorView.swift */; };
		B93E888B1B46067E0030877B /* TodayScheduleCell.swift in Sources */ = {isa = PBXBuildFile; fileRef = B93E888A1B46067E0030877B /* TodayScheduleCell.swift */; };
		B9920E691B3B711A0037B44B /* MainTabBarController.swift in Sources */ = {isa = PBXBuildFile; fileRef = B9920E681B3B711A0037B44B /* MainTabBarController.swift */; };
		B9920E6B1B3B7A1C0037B44B /* RepeatingScheduleViewController.swift in Sources */ = {isa = PBXBuildFile; fileRef = B9920E6A1B3B7A1C0037B44B /* RepeatingScheduleViewController.swift */; };
		B992A18D1B582FFE006E5A2B /* SetRepeatTableViewController.swift in Sources */ = {isa = PBXBuildFile; fileRef = B992A18C1B582FFE006E5A2B /* SetRepeatTableViewController.swift */; };
		B9A0BFF01B5993BB00433C96 /* WeekDayCollectionViewCell.swift in Sources */ = {isa = PBXBuildFile; fileRef = B9A0BFEF1B5993BB00433C96 /* WeekDayCollectionViewCell.swift */; };
		B9BBE8AD1B3BE356004D68DB /* HomeViewController.swift in Sources */ = {isa = PBXBuildFile; fileRef = B9BBE8AC1B3BE356004D68DB /* HomeViewController.swift */; };
		B9BC3D711B74465E00DAF347 /* DataManager.swift in Sources */ = {isa = PBXBuildFile; fileRef = B9BC3D701B74465E00DAF347 /* DataManager.swift */; };
		B9C8A7B51B4E469E00C4BEEC /* AddScheduleTableViewController.swift in Sources */ = {isa = PBXBuildFile; fileRef = B9C8A7B41B4E469E00C4BEEC /* AddScheduleTableViewController.swift */; };
		B9CF328E1B6B046900757E43 /* CVAuxiliaryView.swift in Sources */ = {isa = PBXBuildFile; fileRef = B9CF32741B6B046800757E43 /* CVAuxiliaryView.swift */; };
		B9CF328F1B6B046900757E43 /* CVCalendarContentViewController.swift in Sources */ = {isa = PBXBuildFile; fileRef = B9CF32751B6B046800757E43 /* CVCalendarContentViewController.swift */; };
		B9CF32901B6B046900757E43 /* CVCalendarDayView.swift in Sources */ = {isa = PBXBuildFile; fileRef = B9CF32761B6B046800757E43 /* CVCalendarDayView.swift */; };
		B9CF32911B6B046900757E43 /* CVCalendarDayViewControlCoordinator.swift in Sources */ = {isa = PBXBuildFile; fileRef = B9CF32771B6B046800757E43 /* CVCalendarDayViewControlCoordinator.swift */; };
		B9CF32921B6B046900757E43 /* CVCalendarManager.swift in Sources */ = {isa = PBXBuildFile; fileRef = B9CF32781B6B046800757E43 /* CVCalendarManager.swift */; };
		B9CF32931B6B046900757E43 /* CVCalendarMenuView.swift in Sources */ = {isa = PBXBuildFile; fileRef = B9CF32791B6B046800757E43 /* CVCalendarMenuView.swift */; };
		B9CF32941B6B046900757E43 /* CVCalendarMenuViewDelegate.swift in Sources */ = {isa = PBXBuildFile; fileRef = B9CF327A1B6B046800757E43 /* CVCalendarMenuViewDelegate.swift */; };
		B9CF32951B6B046900757E43 /* CVCalendarMonthContentViewController.swift in Sources */ = {isa = PBXBuildFile; fileRef = B9CF327B1B6B046800757E43 /* CVCalendarMonthContentViewController.swift */; };
		B9CF32961B6B046900757E43 /* CVCalendarMonthView.swift in Sources */ = {isa = PBXBuildFile; fileRef = B9CF327C1B6B046800757E43 /* CVCalendarMonthView.swift */; };
		B9CF32971B6B046900757E43 /* CVCalendarTouchController.swift in Sources */ = {isa = PBXBuildFile; fileRef = B9CF327D1B6B046800757E43 /* CVCalendarTouchController.swift */; };
		B9CF32981B6B046900757E43 /* CVCalendarView.swift in Sources */ = {isa = PBXBuildFile; fileRef = B9CF327E1B6B046800757E43 /* CVCalendarView.swift */; };
		B9CF32991B6B046900757E43 /* CVCalendarViewAnimator.swift in Sources */ = {isa = PBXBuildFile; fileRef = B9CF327F1B6B046800757E43 /* CVCalendarViewAnimator.swift */; };
		B9CF329A1B6B046900757E43 /* CVCalendarViewAnimatorDelegate.swift in Sources */ = {isa = PBXBuildFile; fileRef = B9CF32801B6B046800757E43 /* CVCalendarViewAnimatorDelegate.swift */; };
		B9CF329B1B6B046900757E43 /* CVCalendarViewAppearance.swift in Sources */ = {isa = PBXBuildFile; fileRef = B9CF32811B6B046800757E43 /* CVCalendarViewAppearance.swift */; };
		B9CF329C1B6B046900757E43 /* CVCalendarViewAppearanceDelegate.swift in Sources */ = {isa = PBXBuildFile; fileRef = B9CF32821B6B046800757E43 /* CVCalendarViewAppearanceDelegate.swift */; };
		B9CF329D1B6B046900757E43 /* CVCalendarViewDelegate.swift in Sources */ = {isa = PBXBuildFile; fileRef = B9CF32831B6B046800757E43 /* CVCalendarViewDelegate.swift */; };
		B9CF329E1B6B046900757E43 /* CVCalendarViewPresentationMode.swift in Sources */ = {isa = PBXBuildFile; fileRef = B9CF32841B6B046800757E43 /* CVCalendarViewPresentationMode.swift */; };
		B9CF329F1B6B046900757E43 /* CVCalendarWeekContentViewController.swift in Sources */ = {isa = PBXBuildFile; fileRef = B9CF32851B6B046800757E43 /* CVCalendarWeekContentViewController.swift */; };
		B9CF32A01B6B046900757E43 /* CVCalendarWeekday.swift in Sources */ = {isa = PBXBuildFile; fileRef = B9CF32861B6B046800757E43 /* CVCalendarWeekday.swift */; };
		B9CF32A11B6B046900757E43 /* CVCalendarWeekView.swift in Sources */ = {isa = PBXBuildFile; fileRef = B9CF32871B6B046800757E43 /* CVCalendarWeekView.swift */; };
		B9CF32A21B6B046900757E43 /* CVDate.swift in Sources */ = {isa = PBXBuildFile; fileRef = B9CF32881B6B046900757E43 /* CVDate.swift */; };
		B9CF32A31B6B046900757E43 /* CVRange.swift in Sources */ = {isa = PBXBuildFile; fileRef = B9CF32891B6B046900757E43 /* CVRange.swift */; };
		B9CF32A41B6B046900757E43 /* CVScrollDirection.swift in Sources */ = {isa = PBXBuildFile; fileRef = B9CF328A1B6B046900757E43 /* CVScrollDirection.swift */; };
		B9CF32A51B6B046900757E43 /* CVSelectionType.swift in Sources */ = {isa = PBXBuildFile; fileRef = B9CF328B1B6B046900757E43 /* CVSelectionType.swift */; };
		B9CF32A61B6B046900757E43 /* CVSet.swift in Sources */ = {isa = PBXBuildFile; fileRef = B9CF328C1B6B046900757E43 /* CVSet.swift */; };
		B9CF32A71B6B046900757E43 /* CVShape.swift in Sources */ = {isa = PBXBuildFile; fileRef = B9CF328D1B6B046900757E43 /* CVShape.swift */; };
		B9E31D1C1B7C24CF008CF7DC /* RepeatWeekly.swift in Sources */ = {isa = PBXBuildFile; fileRef = B9E31D1B1B7C24CF008CF7DC /* RepeatWeekly.swift */; };
		B9E31D1E1B7C25DF008CF7DC /* RepeatMonthly.swift in Sources */ = {isa = PBXBuildFile; fileRef = B9E31D1D1B7C25DF008CF7DC /* RepeatMonthly.swift */; };
		B9E31D221B7C27A5008CF7DC /* RepeatSettings.swift in Sources */ = {isa = PBXBuildFile; fileRef = B9E31D211B7C27A5008CF7DC /* RepeatSettings.swift */; };
		B9E34BCB1B50D21800B9FD88 /* JobsListTableViewController.swift in Sources */ = {isa = PBXBuildFile; fileRef = B9E34BCA1B50D21800B9FD88 /* JobsListTableViewController.swift */; };
/* End PBXBuildFile section */

/* Begin PBXContainerItemProxy section */
		874FAD0B1B33A9D7002EABB0 /* PBXContainerItemProxy */ = {
			isa = PBXContainerItemProxy;
			containerPortal = 874FACEA1B33A9D7002EABB0 /* Project object */;
			proxyType = 1;
			remoteGlobalIDString = 874FACF11B33A9D7002EABB0;
			remoteInfo = SixOhFour;
		};
/* End PBXContainerItemProxy section */

/* Begin PBXFileReference section */
		001464771B4E06D400AC0C9F /* ClockInStoryboard.storyboard */ = {isa = PBXFileReference; fileEncoding = 4; lastKnownFileType = file.storyboard; path = ClockInStoryboard.storyboard; sourceTree = "<group>"; };
		004999FD1B87877400BD7A08 /* IncompleteShiftsTableViewController.swift */ = {isa = PBXFileReference; fileEncoding = 4; lastKnownFileType = sourcecode.swift; path = IncompleteShiftsTableViewController.swift; sourceTree = "<group>"; };
		004999FF1B8787C900BD7A08 /* ShiftTableViewController.swift */ = {isa = PBXFileReference; fileEncoding = 4; lastKnownFileType = sourcecode.swift; path = ShiftTableViewController.swift; sourceTree = "<group>"; };
		004C09901B7CF9ED004F4527 /* WatchCounter.swift */ = {isa = PBXFileReference; fileEncoding = 4; lastKnownFileType = sourcecode.swift; path = WatchCounter.swift; sourceTree = "<group>"; };
		004C09921B7D14D4004F4527 /* DetailsTableViewController.swift */ = {isa = PBXFileReference; fileEncoding = 4; lastKnownFileType = sourcecode.swift; path = DetailsTableViewController.swift; sourceTree = "<group>"; };
		00521B961B758C0900735849 /* SetBreakTimeViewController.swift */ = {isa = PBXFileReference; fileEncoding = 4; lastKnownFileType = sourcecode.swift; path = SetBreakTimeViewController.swift; sourceTree = "<group>"; };
		006ABA411B8972460065B6DB /* AddShiftViewController.swift */ = {isa = PBXFileReference; fileEncoding = 4; lastKnownFileType = sourcecode.swift; path = AddShiftViewController.swift; sourceTree = "<group>"; };
		00941E331B7D828500656726 /* ManualEditsListTableViewCell.swift */ = {isa = PBXFileReference; fileEncoding = 4; lastKnownFileType = sourcecode.swift; path = ManualEditsListTableViewCell.swift; sourceTree = "<group>"; };
		00A068DA1B7BC36B003719B8 /* String+SixOhFour.swift */ = {isa = PBXFileReference; fileEncoding = 4; lastKnownFileType = sourcecode.swift; path = "String+SixOhFour.swift"; sourceTree = "<group>"; };
		00A068DC1B7C36B1003719B8 /* TimelogCell.swift */ = {isa = PBXFileReference; fileEncoding = 4; lastKnownFileType = sourcecode.swift; path = TimelogCell.swift; sourceTree = "<group>"; };
		870CECBE1B4F4E9C00B30AAE /* PayRateTableViewController.swift */ = {isa = PBXFileReference; fileEncoding = 4; lastKnownFileType = sourcecode.swift; path = PayRateTableViewController.swift; sourceTree = "<group>"; };
		870CECC01B4F77C900B30AAE /* AddJobTableViewController.swift */ = {isa = PBXFileReference; fileEncoding = 4; lastKnownFileType = sourcecode.swift; path = AddJobTableViewController.swift; sourceTree = "<group>"; };
		871307381B630E4B00D96582 /* TimesheetViewController.swift */ = {isa = PBXFileReference; fileEncoding = 4; lastKnownFileType = sourcecode.swift; path = TimesheetViewController.swift; sourceTree = "<group>"; };
		87238A451B3E25AA004D44CA /* AddJobStoryboard.storyboard */ = {isa = PBXFileReference; fileEncoding = 4; lastKnownFileType = file.storyboard; path = AddJobStoryboard.storyboard; sourceTree = "<group>"; };
		87238A4B1B3E2EC5004D44CA /* CalendarStoryboard.storyboard */ = {isa = PBXFileReference; fileEncoding = 4; lastKnownFileType = file.storyboard; path = CalendarStoryboard.storyboard; sourceTree = "<group>"; };
		87238A4D1B3E300A004D44CA /* CalendarViewController.swift */ = {isa = PBXFileReference; fileEncoding = 4; lastKnownFileType = sourcecode.swift; path = CalendarViewController.swift; sourceTree = "<group>"; };
		87238A4F1B3E3212004D44CA /* ClockInViewController.swift */ = {isa = PBXFileReference; fileEncoding = 4; lastKnownFileType = sourcecode.swift; path = ClockInViewController.swift; sourceTree = "<group>"; };
		874FACF21B33A9D7002EABB0 /* SixOhFour.app */ = {isa = PBXFileReference; explicitFileType = wrapper.application; includeInIndex = 0; path = SixOhFour.app; sourceTree = BUILT_PRODUCTS_DIR; };
		874FACF61B33A9D7002EABB0 /* Info.plist */ = {isa = PBXFileReference; lastKnownFileType = text.plist.xml; path = Info.plist; sourceTree = "<group>"; };
		874FACF71B33A9D7002EABB0 /* AppDelegate.swift */ = {isa = PBXFileReference; lastKnownFileType = sourcecode.swift; path = AppDelegate.swift; sourceTree = "<group>"; };
		874FACFA1B33A9D7002EABB0 /* SixOhFour.xcdatamodel */ = {isa = PBXFileReference; lastKnownFileType = wrapper.xcdatamodel; path = SixOhFour.xcdatamodel; sourceTree = "<group>"; };
		874FACFF1B33A9D7002EABB0 /* Base */ = {isa = PBXFileReference; lastKnownFileType = file.storyboard; name = Base; path = Base.lproj/Main.storyboard; sourceTree = "<group>"; };
		874FAD011B33A9D7002EABB0 /* Images.xcassets */ = {isa = PBXFileReference; lastKnownFileType = folder.assetcatalog; path = Images.xcassets; sourceTree = "<group>"; };
		874FAD041B33A9D7002EABB0 /* Base */ = {isa = PBXFileReference; lastKnownFileType = file.xib; name = Base; path = Base.lproj/LaunchScreen.xib; sourceTree = "<group>"; };
		874FAD0A1B33A9D7002EABB0 /* SixOhFourTests.xctest */ = {isa = PBXFileReference; explicitFileType = wrapper.cfbundle; includeInIndex = 0; path = SixOhFourTests.xctest; sourceTree = BUILT_PRODUCTS_DIR; };
		874FAD0F1B33A9D7002EABB0 /* Info.plist */ = {isa = PBXFileReference; lastKnownFileType = text.plist.xml; path = Info.plist; sourceTree = "<group>"; };
		874FAD101B33A9D7002EABB0 /* SixOhFourTests.swift */ = {isa = PBXFileReference; lastKnownFileType = sourcecode.swift; path = SixOhFourTests.swift; sourceTree = "<group>"; };
		879277001B5868E90023CBA6 /* JobOverviewViewController.swift */ = {isa = PBXFileReference; fileEncoding = 4; lastKnownFileType = sourcecode.swift; path = JobOverviewViewController.swift; sourceTree = "<group>"; };
		879277021B588B2C0023CBA6 /* PayRate.swift */ = {isa = PBXFileReference; fileEncoding = 4; lastKnownFileType = sourcecode.swift; path = PayRate.swift; sourceTree = "<group>"; };
		87B57CD51B5090D100D9B438 /* SixOhFourV2.xcdatamodel */ = {isa = PBXFileReference; lastKnownFileType = wrapper.xcdatamodel; path = SixOhFourV2.xcdatamodel; sourceTree = "<group>"; };
		87B57CD61B509B4400D9B438 /* JobsListCell.swift */ = {isa = PBXFileReference; fileEncoding = 4; lastKnownFileType = sourcecode.swift; path = JobsListCell.swift; sourceTree = "<group>"; };
		87B7C17E1B69AAAE00C65C96 /* SixOhFourV3.xcdatamodel */ = {isa = PBXFileReference; lastKnownFileType = wrapper.xcdatamodel; path = SixOhFourV3.xcdatamodel; sourceTree = "<group>"; };
		87B7C17F1B69C22700C65C96 /* WorkedShift.swift */ = {isa = PBXFileReference; fileEncoding = 4; lastKnownFileType = sourcecode.swift; name = WorkedShift.swift; path = ../WorkedShift.swift; sourceTree = "<group>"; };
		87B7C1811B69C22800C65C96 /* UserPreferences.swift */ = {isa = PBXFileReference; fileEncoding = 4; lastKnownFileType = sourcecode.swift; name = UserPreferences.swift; path = ../UserPreferences.swift; sourceTree = "<group>"; };
		87B7C1831B69C22800C65C96 /* Company.swift */ = {isa = PBXFileReference; fileEncoding = 4; lastKnownFileType = sourcecode.swift; name = Company.swift; path = ../Company.swift; sourceTree = "<group>"; };
		87B7C1851B69C22800C65C96 /* Job.swift */ = {isa = PBXFileReference; fileEncoding = 4; lastKnownFileType = sourcecode.swift; name = Job.swift; path = ../Job.swift; sourceTree = "<group>"; };
		87B7C1871B69C22800C65C96 /* RepeatingSchedule.swift */ = {isa = PBXFileReference; fileEncoding = 4; lastKnownFileType = sourcecode.swift; name = RepeatingSchedule.swift; path = ../RepeatingSchedule.swift; sourceTree = "<group>"; };
		87B7C1891B69C22800C65C96 /* Reminders.swift */ = {isa = PBXFileReference; fileEncoding = 4; lastKnownFileType = sourcecode.swift; name = Reminders.swift; path = ../Reminders.swift; sourceTree = "<group>"; };
		87B7C18B1B69C22800C65C96 /* ScheduledShift.swift */ = {isa = PBXFileReference; fileEncoding = 4; lastKnownFileType = sourcecode.swift; name = ScheduledShift.swift; path = ../ScheduledShift.swift; sourceTree = "<group>"; };
		87B7C18D1B69C22800C65C96 /* Timelog.swift */ = {isa = PBXFileReference; fileEncoding = 4; lastKnownFileType = sourcecode.swift; name = Timelog.swift; path = ../Timelog.swift; sourceTree = "<group>"; };
		87B7C18F1B69C91D00C65C96 /* Color.swift */ = {isa = PBXFileReference; fileEncoding = 4; lastKnownFileType = sourcecode.swift; name = Color.swift; path = ../Color.swift; sourceTree = "<group>"; };
		87EAE1321B6B05D000EBEF78 /* TimesheetCell.swift */ = {isa = PBXFileReference; fileEncoding = 4; lastKnownFileType = sourcecode.swift; path = TimesheetCell.swift; sourceTree = "<group>"; };
		87EAE1341B6B15C000EBEF78 /* TSDetailsViewController.swift */ = {isa = PBXFileReference; fileEncoding = 4; lastKnownFileType = sourcecode.swift; path = TSDetailsViewController.swift; sourceTree = "<group>"; };
		87EAE1361B6B18FA00EBEF78 /* DetailsCell.swift */ = {isa = PBXFileReference; fileEncoding = 4; lastKnownFileType = sourcecode.swift; path = DetailsCell.swift; sourceTree = "<group>"; };
		B936D63E1B607674009777A7 /* EndRepeatTableViewController.swift */ = {isa = PBXFileReference; fileEncoding = 4; lastKnownFileType = sourcecode.swift; path = EndRepeatTableViewController.swift; sourceTree = "<group>"; };
		B93E88881B45FFA00030877B /* JobColorView.swift */ = {isa = PBXFileReference; fileEncoding = 4; lastKnownFileType = sourcecode.swift; path = JobColorView.swift; sourceTree = "<group>"; };
		B93E888A1B46067E0030877B /* TodayScheduleCell.swift */ = {isa = PBXFileReference; fileEncoding = 4; lastKnownFileType = sourcecode.swift; path = TodayScheduleCell.swift; sourceTree = "<group>"; };
		B9920E681B3B711A0037B44B /* MainTabBarController.swift */ = {isa = PBXFileReference; fileEncoding = 4; lastKnownFileType = sourcecode.swift; path = MainTabBarController.swift; sourceTree = "<group>"; };
		B9920E6A1B3B7A1C0037B44B /* RepeatingScheduleViewController.swift */ = {isa = PBXFileReference; fileEncoding = 4; lastKnownFileType = sourcecode.swift; path = RepeatingScheduleViewController.swift; sourceTree = "<group>"; };
		B992A18C1B582FFE006E5A2B /* SetRepeatTableViewController.swift */ = {isa = PBXFileReference; fileEncoding = 4; lastKnownFileType = sourcecode.swift; path = SetRepeatTableViewController.swift; sourceTree = "<group>"; };
		B9A0BFEF1B5993BB00433C96 /* WeekDayCollectionViewCell.swift */ = {isa = PBXFileReference; fileEncoding = 4; lastKnownFileType = sourcecode.swift; path = WeekDayCollectionViewCell.swift; sourceTree = "<group>"; };
		B9BBE8AC1B3BE356004D68DB /* HomeViewController.swift */ = {isa = PBXFileReference; fileEncoding = 4; lastKnownFileType = sourcecode.swift; path = HomeViewController.swift; sourceTree = "<group>"; };
		B9BC3D701B74465E00DAF347 /* DataManager.swift */ = {isa = PBXFileReference; fileEncoding = 4; lastKnownFileType = sourcecode.swift; path = DataManager.swift; sourceTree = "<group>"; };
		B9C8A7B41B4E469E00C4BEEC /* AddScheduleTableViewController.swift */ = {isa = PBXFileReference; fileEncoding = 4; lastKnownFileType = sourcecode.swift; path = AddScheduleTableViewController.swift; sourceTree = "<group>"; };
		B9CF32741B6B046800757E43 /* CVAuxiliaryView.swift */ = {isa = PBXFileReference; fileEncoding = 4; lastKnownFileType = sourcecode.swift; path = CVAuxiliaryView.swift; sourceTree = "<group>"; };
		B9CF32751B6B046800757E43 /* CVCalendarContentViewController.swift */ = {isa = PBXFileReference; fileEncoding = 4; lastKnownFileType = sourcecode.swift; path = CVCalendarContentViewController.swift; sourceTree = "<group>"; };
		B9CF32761B6B046800757E43 /* CVCalendarDayView.swift */ = {isa = PBXFileReference; fileEncoding = 4; lastKnownFileType = sourcecode.swift; path = CVCalendarDayView.swift; sourceTree = "<group>"; };
		B9CF32771B6B046800757E43 /* CVCalendarDayViewControlCoordinator.swift */ = {isa = PBXFileReference; fileEncoding = 4; lastKnownFileType = sourcecode.swift; path = CVCalendarDayViewControlCoordinator.swift; sourceTree = "<group>"; };
		B9CF32781B6B046800757E43 /* CVCalendarManager.swift */ = {isa = PBXFileReference; fileEncoding = 4; lastKnownFileType = sourcecode.swift; path = CVCalendarManager.swift; sourceTree = "<group>"; };
		B9CF32791B6B046800757E43 /* CVCalendarMenuView.swift */ = {isa = PBXFileReference; fileEncoding = 4; lastKnownFileType = sourcecode.swift; path = CVCalendarMenuView.swift; sourceTree = "<group>"; };
		B9CF327A1B6B046800757E43 /* CVCalendarMenuViewDelegate.swift */ = {isa = PBXFileReference; fileEncoding = 4; lastKnownFileType = sourcecode.swift; path = CVCalendarMenuViewDelegate.swift; sourceTree = "<group>"; };
		B9CF327B1B6B046800757E43 /* CVCalendarMonthContentViewController.swift */ = {isa = PBXFileReference; fileEncoding = 4; lastKnownFileType = sourcecode.swift; path = CVCalendarMonthContentViewController.swift; sourceTree = "<group>"; };
		B9CF327C1B6B046800757E43 /* CVCalendarMonthView.swift */ = {isa = PBXFileReference; fileEncoding = 4; lastKnownFileType = sourcecode.swift; path = CVCalendarMonthView.swift; sourceTree = "<group>"; };
		B9CF327D1B6B046800757E43 /* CVCalendarTouchController.swift */ = {isa = PBXFileReference; fileEncoding = 4; lastKnownFileType = sourcecode.swift; path = CVCalendarTouchController.swift; sourceTree = "<group>"; };
		B9CF327E1B6B046800757E43 /* CVCalendarView.swift */ = {isa = PBXFileReference; fileEncoding = 4; lastKnownFileType = sourcecode.swift; path = CVCalendarView.swift; sourceTree = "<group>"; };
		B9CF327F1B6B046800757E43 /* CVCalendarViewAnimator.swift */ = {isa = PBXFileReference; fileEncoding = 4; lastKnownFileType = sourcecode.swift; path = CVCalendarViewAnimator.swift; sourceTree = "<group>"; };
		B9CF32801B6B046800757E43 /* CVCalendarViewAnimatorDelegate.swift */ = {isa = PBXFileReference; fileEncoding = 4; lastKnownFileType = sourcecode.swift; path = CVCalendarViewAnimatorDelegate.swift; sourceTree = "<group>"; };
		B9CF32811B6B046800757E43 /* CVCalendarViewAppearance.swift */ = {isa = PBXFileReference; fileEncoding = 4; lastKnownFileType = sourcecode.swift; path = CVCalendarViewAppearance.swift; sourceTree = "<group>"; };
		B9CF32821B6B046800757E43 /* CVCalendarViewAppearanceDelegate.swift */ = {isa = PBXFileReference; fileEncoding = 4; lastKnownFileType = sourcecode.swift; path = CVCalendarViewAppearanceDelegate.swift; sourceTree = "<group>"; };
		B9CF32831B6B046800757E43 /* CVCalendarViewDelegate.swift */ = {isa = PBXFileReference; fileEncoding = 4; lastKnownFileType = sourcecode.swift; path = CVCalendarViewDelegate.swift; sourceTree = "<group>"; };
		B9CF32841B6B046800757E43 /* CVCalendarViewPresentationMode.swift */ = {isa = PBXFileReference; fileEncoding = 4; lastKnownFileType = sourcecode.swift; path = CVCalendarViewPresentationMode.swift; sourceTree = "<group>"; };
		B9CF32851B6B046800757E43 /* CVCalendarWeekContentViewController.swift */ = {isa = PBXFileReference; fileEncoding = 4; lastKnownFileType = sourcecode.swift; path = CVCalendarWeekContentViewController.swift; sourceTree = "<group>"; };
		B9CF32861B6B046800757E43 /* CVCalendarWeekday.swift */ = {isa = PBXFileReference; fileEncoding = 4; lastKnownFileType = sourcecode.swift; path = CVCalendarWeekday.swift; sourceTree = "<group>"; };
		B9CF32871B6B046800757E43 /* CVCalendarWeekView.swift */ = {isa = PBXFileReference; fileEncoding = 4; lastKnownFileType = sourcecode.swift; path = CVCalendarWeekView.swift; sourceTree = "<group>"; };
		B9CF32881B6B046900757E43 /* CVDate.swift */ = {isa = PBXFileReference; fileEncoding = 4; lastKnownFileType = sourcecode.swift; path = CVDate.swift; sourceTree = "<group>"; };
		B9CF32891B6B046900757E43 /* CVRange.swift */ = {isa = PBXFileReference; fileEncoding = 4; lastKnownFileType = sourcecode.swift; path = CVRange.swift; sourceTree = "<group>"; };
		B9CF328A1B6B046900757E43 /* CVScrollDirection.swift */ = {isa = PBXFileReference; fileEncoding = 4; lastKnownFileType = sourcecode.swift; path = CVScrollDirection.swift; sourceTree = "<group>"; };
		B9CF328B1B6B046900757E43 /* CVSelectionType.swift */ = {isa = PBXFileReference; fileEncoding = 4; lastKnownFileType = sourcecode.swift; path = CVSelectionType.swift; sourceTree = "<group>"; };
		B9CF328C1B6B046900757E43 /* CVSet.swift */ = {isa = PBXFileReference; fileEncoding = 4; lastKnownFileType = sourcecode.swift; path = CVSet.swift; sourceTree = "<group>"; };
		B9CF328D1B6B046900757E43 /* CVShape.swift */ = {isa = PBXFileReference; fileEncoding = 4; lastKnownFileType = sourcecode.swift; path = CVShape.swift; sourceTree = "<group>"; };
		B9E31D1B1B7C24CF008CF7DC /* RepeatWeekly.swift */ = {isa = PBXFileReference; fileEncoding = 4; lastKnownFileType = sourcecode.swift; path = RepeatWeekly.swift; sourceTree = "<group>"; };
		B9E31D1D1B7C25DF008CF7DC /* RepeatMonthly.swift */ = {isa = PBXFileReference; fileEncoding = 4; lastKnownFileType = sourcecode.swift; path = RepeatMonthly.swift; sourceTree = "<group>"; };
		B9E31D211B7C27A5008CF7DC /* RepeatSettings.swift */ = {isa = PBXFileReference; fileEncoding = 4; lastKnownFileType = sourcecode.swift; path = RepeatSettings.swift; sourceTree = "<group>"; };
		B9E34BCA1B50D21800B9FD88 /* JobsListTableViewController.swift */ = {isa = PBXFileReference; fileEncoding = 4; lastKnownFileType = sourcecode.swift; path = JobsListTableViewController.swift; sourceTree = "<group>"; };
/* End PBXFileReference section */

/* Begin PBXFrameworksBuildPhase section */
		874FACEF1B33A9D7002EABB0 /* Frameworks */ = {
			isa = PBXFrameworksBuildPhase;
			buildActionMask = 2147483647;
			files = (
			);
			runOnlyForDeploymentPostprocessing = 0;
		};
		874FAD071B33A9D7002EABB0 /* Frameworks */ = {
			isa = PBXFrameworksBuildPhase;
			buildActionMask = 2147483647;
			files = (
			);
			runOnlyForDeploymentPostprocessing = 0;
		};
/* End PBXFrameworksBuildPhase section */

/* Begin PBXGroup section */
		874FACE91B33A9D7002EABB0 = {
			isa = PBXGroup;
			children = (
				874FACF41B33A9D7002EABB0 /* SixOhFour */,
				874FAD0D1B33A9D7002EABB0 /* SixOhFourTests */,
				874FACF31B33A9D7002EABB0 /* Products */,
			);
			sourceTree = "<group>";
		};
		874FACF31B33A9D7002EABB0 /* Products */ = {
			isa = PBXGroup;
			children = (
				874FACF21B33A9D7002EABB0 /* SixOhFour.app */,
				874FAD0A1B33A9D7002EABB0 /* SixOhFourTests.xctest */,
			);
			name = Products;
			sourceTree = "<group>";
		};
		874FACF41B33A9D7002EABB0 /* SixOhFour */ = {
			isa = PBXGroup;
			children = (
				B9E34BC71B508C8800B9FD88 /* Main */,
				B9E34BBB1B5089F600B9FD88 /* Home */,
				B9E34BBF1B508A8900B9FD88 /* Clockin */,
				B9E34BC31B508AB500B9FD88 /* Calendar */,
				874FACF71B33A9D7002EABB0 /* AppDelegate.swift */,
				874FAD011B33A9D7002EABB0 /* Images.xcassets */,
				874FAD031B33A9D7002EABB0 /* LaunchScreen.xib */,
				874FACF91B33A9D7002EABB0 /* SixOhFour.xcdatamodeld */,
				874FACF51B33A9D7002EABB0 /* Supporting Files */,
			);
			path = SixOhFour;
			sourceTree = "<group>";
		};
		874FACF51B33A9D7002EABB0 /* Supporting Files */ = {
			isa = PBXGroup;
			children = (
				874FACF61B33A9D7002EABB0 /* Info.plist */,
			);
			name = "Supporting Files";
			sourceTree = "<group>";
		};
		874FAD0D1B33A9D7002EABB0 /* SixOhFourTests */ = {
			isa = PBXGroup;
			children = (
				874FAD101B33A9D7002EABB0 /* SixOhFourTests.swift */,
				874FAD0E1B33A9D7002EABB0 /* Supporting Files */,
			);
			path = SixOhFourTests;
			sourceTree = "<group>";
		};
		874FAD0E1B33A9D7002EABB0 /* Supporting Files */ = {
			isa = PBXGroup;
			children = (
				874FAD0F1B33A9D7002EABB0 /* Info.plist */,
			);
			name = "Supporting Files";
			sourceTree = "<group>";
		};
		B9CF32731B6B046800757E43 /* CVCalendar */ = {
			isa = PBXGroup;
			children = (
				B9CF32741B6B046800757E43 /* CVAuxiliaryView.swift */,
				B9CF32751B6B046800757E43 /* CVCalendarContentViewController.swift */,
				B9CF32761B6B046800757E43 /* CVCalendarDayView.swift */,
				B9CF32771B6B046800757E43 /* CVCalendarDayViewControlCoordinator.swift */,
				B9CF32781B6B046800757E43 /* CVCalendarManager.swift */,
				B9CF32791B6B046800757E43 /* CVCalendarMenuView.swift */,
				B9CF327A1B6B046800757E43 /* CVCalendarMenuViewDelegate.swift */,
				B9CF327B1B6B046800757E43 /* CVCalendarMonthContentViewController.swift */,
				B9CF327C1B6B046800757E43 /* CVCalendarMonthView.swift */,
				B9CF327D1B6B046800757E43 /* CVCalendarTouchController.swift */,
				B9CF327E1B6B046800757E43 /* CVCalendarView.swift */,
				B9CF327F1B6B046800757E43 /* CVCalendarViewAnimator.swift */,
				B9CF32801B6B046800757E43 /* CVCalendarViewAnimatorDelegate.swift */,
				B9CF32811B6B046800757E43 /* CVCalendarViewAppearance.swift */,
				B9CF32821B6B046800757E43 /* CVCalendarViewAppearanceDelegate.swift */,
				B9CF32831B6B046800757E43 /* CVCalendarViewDelegate.swift */,
				B9CF32841B6B046800757E43 /* CVCalendarViewPresentationMode.swift */,
				B9CF32851B6B046800757E43 /* CVCalendarWeekContentViewController.swift */,
				B9CF32861B6B046800757E43 /* CVCalendarWeekday.swift */,
				B9CF32871B6B046800757E43 /* CVCalendarWeekView.swift */,
				B9CF32881B6B046900757E43 /* CVDate.swift */,
				B9CF32891B6B046900757E43 /* CVRange.swift */,
				B9CF328A1B6B046900757E43 /* CVScrollDirection.swift */,
				B9CF328B1B6B046900757E43 /* CVSelectionType.swift */,
				B9CF328C1B6B046900757E43 /* CVSet.swift */,
				B9CF328D1B6B046900757E43 /* CVShape.swift */,
			);
			path = CVCalendar;
			sourceTree = "<group>";
		};
		B9E34BBB1B5089F600B9FD88 /* Home */ = {
			isa = PBXGroup;
			children = (
				B9E34BBC1B508A0E00B9FD88 /* Model */,
				B9E34BBD1B508A1700B9FD88 /* View */,
				B9E34BBE1B508A4400B9FD88 /* View Controllers */,
				87238A451B3E25AA004D44CA /* AddJobStoryboard.storyboard */,
			);
			name = Home;
			sourceTree = "<group>";
		};
		B9E34BBC1B508A0E00B9FD88 /* Model */ = {
			isa = PBXGroup;
			children = (
				87B7C18D1B69C22800C65C96 /* Timelog.swift */,
				87B7C1891B69C22800C65C96 /* Reminders.swift */,
				87B7C1871B69C22800C65C96 /* RepeatingSchedule.swift */,
				87B7C1831B69C22800C65C96 /* Company.swift */,
				87B7C1811B69C22800C65C96 /* UserPreferences.swift */,
				87B7C17F1B69C22700C65C96 /* WorkedShift.swift */,
				87B7C1851B69C22800C65C96 /* Job.swift */,
				87B7C18F1B69C91D00C65C96 /* Color.swift */,
				879277021B588B2C0023CBA6 /* PayRate.swift */,
			);
			name = Model;
			sourceTree = "<group>";
		};
		B9E34BBD1B508A1700B9FD88 /* View */ = {
			isa = PBXGroup;
			children = (
				B93E88881B45FFA00030877B /* JobColorView.swift */,
				87B57CD61B509B4400D9B438 /* JobsListCell.swift */,
				87EAE1321B6B05D000EBEF78 /* TimesheetCell.swift */,
				87EAE1361B6B18FA00EBEF78 /* DetailsCell.swift */,
			);
			name = View;
			sourceTree = "<group>";
		};
		B9E34BBE1B508A4400B9FD88 /* View Controllers */ = {
			isa = PBXGroup;
			children = (
				870CECBE1B4F4E9C00B30AAE /* PayRateTableViewController.swift */,
				870CECC01B4F77C900B30AAE /* AddJobTableViewController.swift */,
				B9BBE8AC1B3BE356004D68DB /* HomeViewController.swift */,
				879277001B5868E90023CBA6 /* JobOverviewViewController.swift */,
				871307381B630E4B00D96582 /* TimesheetViewController.swift */,
				87EAE1341B6B15C000EBEF78 /* TSDetailsViewController.swift */,
			);
			name = "View Controllers";
			sourceTree = "<group>";
		};
		B9E34BBF1B508A8900B9FD88 /* Clockin */ = {
			isa = PBXGroup;
			children = (
				B9E34BC21B508AA700B9FD88 /* Model */,
				B9E34BC11B508AA200B9FD88 /* View */,
				B9E34BC01B508A9800B9FD88 /* View Controllers */,
				001464771B4E06D400AC0C9F /* ClockInStoryboard.storyboard */,
			);
			name = Clockin;
			sourceTree = "<group>";
		};
		B9E34BC01B508A9800B9FD88 /* View Controllers */ = {
			isa = PBXGroup;
			children = (
				87238A4F1B3E3212004D44CA /* ClockInViewController.swift */,
				00521B961B758C0900735849 /* SetBreakTimeViewController.swift */,
				004C09921B7D14D4004F4527 /* DetailsTableViewController.swift */,
				004999FD1B87877400BD7A08 /* IncompleteShiftsTableViewController.swift */,
				004999FF1B8787C900BD7A08 /* ShiftTableViewController.swift */,
				006ABA411B8972460065B6DB /* AddShiftViewController.swift */,
			);
			name = "View Controllers";
			sourceTree = "<group>";
		};
		B9E34BC11B508AA200B9FD88 /* View */ = {
			isa = PBXGroup;
			children = (
				00A068DC1B7C36B1003719B8 /* TimelogCell.swift */,
				00941E331B7D828500656726 /* ManualEditsListTableViewCell.swift */,
			);
			name = View;
			sourceTree = "<group>";
		};
		B9E34BC21B508AA700B9FD88 /* Model */ = {
			isa = PBXGroup;
			children = (
				00A068DA1B7BC36B003719B8 /* String+SixOhFour.swift */,
				004C09901B7CF9ED004F4527 /* WatchCounter.swift */,
			);
			name = Model;
			sourceTree = "<group>";
		};
		B9E34BC31B508AB500B9FD88 /* Calendar */ = {
			isa = PBXGroup;
			children = (
				B9CF32731B6B046800757E43 /* CVCalendar */,
				B9E34BC61B508AD200B9FD88 /* Model */,
				B9E34BC51B508ACD00B9FD88 /* View */,
				B9E34BC41B508AC200B9FD88 /* View Controllers */,
				87238A4B1B3E2EC5004D44CA /* CalendarStoryboard.storyboard */,
			);
			name = Calendar;
			sourceTree = "<group>";
		};
		B9E34BC41B508AC200B9FD88 /* View Controllers */ = {
			isa = PBXGroup;
			children = (
				87238A4D1B3E300A004D44CA /* CalendarViewController.swift */,
				B9920E6A1B3B7A1C0037B44B /* RepeatingScheduleViewController.swift */,
				B9C8A7B41B4E469E00C4BEEC /* AddScheduleTableViewController.swift */,
				B9E34BCA1B50D21800B9FD88 /* JobsListTableViewController.swift */,
				B992A18C1B582FFE006E5A2B /* SetRepeatTableViewController.swift */,
				B936D63E1B607674009777A7 /* EndRepeatTableViewController.swift */,
			);
			name = "View Controllers";
			sourceTree = "<group>";
		};
		B9E34BC51B508ACD00B9FD88 /* View */ = {
			isa = PBXGroup;
			children = (
				B93E888A1B46067E0030877B /* TodayScheduleCell.swift */,
				B9A0BFEF1B5993BB00433C96 /* WeekDayCollectionViewCell.swift */,
			);
			name = View;
			sourceTree = "<group>";
		};
		B9E34BC61B508AD200B9FD88 /* Model */ = {
			isa = PBXGroup;
			children = (
				87B7C18B1B69C22800C65C96 /* ScheduledShift.swift */,
				B9E31D1B1B7C24CF008CF7DC /* RepeatWeekly.swift */,
				B9E31D1D1B7C25DF008CF7DC /* RepeatMonthly.swift */,
				B9E31D211B7C27A5008CF7DC /* RepeatSettings.swift */,
			);
			name = Model;
			sourceTree = "<group>";
		};
		B9E34BC71B508C8800B9FD88 /* Main */ = {
			isa = PBXGroup;
			children = (
				B9920E681B3B711A0037B44B /* MainTabBarController.swift */,
				874FACFE1B33A9D7002EABB0 /* Main.storyboard */,
				B9BC3D701B74465E00DAF347 /* DataManager.swift */,
			);
			name = Main;
			sourceTree = "<group>";
		};
/* End PBXGroup section */

/* Begin PBXNativeTarget section */
		874FACF11B33A9D7002EABB0 /* SixOhFour */ = {
			isa = PBXNativeTarget;
			buildConfigurationList = 874FAD141B33A9D7002EABB0 /* Build configuration list for PBXNativeTarget "SixOhFour" */;
			buildPhases = (
				874FACEE1B33A9D7002EABB0 /* Sources */,
				874FACEF1B33A9D7002EABB0 /* Frameworks */,
				874FACF01B33A9D7002EABB0 /* Resources */,
			);
			buildRules = (
			);
			dependencies = (
			);
			name = SixOhFour;
			productName = SixOhFour;
			productReference = 874FACF21B33A9D7002EABB0 /* SixOhFour.app */;
			productType = "com.apple.product-type.application";
		};
		874FAD091B33A9D7002EABB0 /* SixOhFourTests */ = {
			isa = PBXNativeTarget;
			buildConfigurationList = 874FAD171B33A9D7002EABB0 /* Build configuration list for PBXNativeTarget "SixOhFourTests" */;
			buildPhases = (
				874FAD061B33A9D7002EABB0 /* Sources */,
				874FAD071B33A9D7002EABB0 /* Frameworks */,
				874FAD081B33A9D7002EABB0 /* Resources */,
			);
			buildRules = (
			);
			dependencies = (
				874FAD0C1B33A9D7002EABB0 /* PBXTargetDependency */,
			);
			name = SixOhFourTests;
			productName = SixOhFourTests;
			productReference = 874FAD0A1B33A9D7002EABB0 /* SixOhFourTests.xctest */;
			productType = "com.apple.product-type.bundle.unit-test";
		};
/* End PBXNativeTarget section */

/* Begin PBXProject section */
		874FACEA1B33A9D7002EABB0 /* Project object */ = {
			isa = PBXProject;
			attributes = {
				LastUpgradeCheck = 0630;
				ORGANIZATIONNAME = vinceboogie;
				TargetAttributes = {
					874FACF11B33A9D7002EABB0 = {
						CreatedOnToolsVersion = 6.3.2;
					};
					874FAD091B33A9D7002EABB0 = {
						CreatedOnToolsVersion = 6.3.2;
						TestTargetID = 874FACF11B33A9D7002EABB0;
					};
				};
			};
			buildConfigurationList = 874FACED1B33A9D7002EABB0 /* Build configuration list for PBXProject "SixOhFour" */;
			compatibilityVersion = "Xcode 3.2";
			developmentRegion = English;
			hasScannedForEncodings = 0;
			knownRegions = (
				en,
				Base,
			);
			mainGroup = 874FACE91B33A9D7002EABB0;
			productRefGroup = 874FACF31B33A9D7002EABB0 /* Products */;
			projectDirPath = "";
			projectRoot = "";
			targets = (
				874FACF11B33A9D7002EABB0 /* SixOhFour */,
				874FAD091B33A9D7002EABB0 /* SixOhFourTests */,
			);
		};
/* End PBXProject section */

/* Begin PBXResourcesBuildPhase section */
		874FACF01B33A9D7002EABB0 /* Resources */ = {
			isa = PBXResourcesBuildPhase;
			buildActionMask = 2147483647;
			files = (
				87238A4C1B3E2EC5004D44CA /* CalendarStoryboard.storyboard in Resources */,
				874FAD001B33A9D7002EABB0 /* Main.storyboard in Resources */,
				874FAD051B33A9D7002EABB0 /* LaunchScreen.xib in Resources */,
				874FAD021B33A9D7002EABB0 /* Images.xcassets in Resources */,
				87238A461B3E25AA004D44CA /* AddJobStoryboard.storyboard in Resources */,
				001464781B4E06D400AC0C9F /* ClockInStoryboard.storyboard in Resources */,
			);
			runOnlyForDeploymentPostprocessing = 0;
		};
		874FAD081B33A9D7002EABB0 /* Resources */ = {
			isa = PBXResourcesBuildPhase;
			buildActionMask = 2147483647;
			files = (
			);
			runOnlyForDeploymentPostprocessing = 0;
		};
/* End PBXResourcesBuildPhase section */

/* Begin PBXSourcesBuildPhase section */
		874FACEE1B33A9D7002EABB0 /* Sources */ = {
			isa = PBXSourcesBuildPhase;
			buildActionMask = 2147483647;
			files = (
				87B7C18E1B69C22800C65C96 /* Timelog.swift in Sources */,
				B9CF329C1B6B046900757E43 /* CVCalendarViewAppearanceDelegate.swift in Sources */,
				87238A4E1B3E300A004D44CA /* CalendarViewController.swift in Sources */,
				87B7C18C1B69C22800C65C96 /* ScheduledShift.swift in Sources */,
				004C09931B7D14D4004F4527 /* DetailsTableViewController.swift in Sources */,
				87EAE1351B6B15C000EBEF78 /* TSDetailsViewController.swift in Sources */,
				87B7C1901B69C91D00C65C96 /* Color.swift in Sources */,
				B9CF32A11B6B046900757E43 /* CVCalendarWeekView.swift in Sources */,
				00499A001B8787C900BD7A08 /* ShiftTableViewController.swift in Sources */,
				B9CF32951B6B046900757E43 /* CVCalendarMonthContentViewController.swift in Sources */,
				B9CF32A01B6B046900757E43 /* CVCalendarWeekday.swift in Sources */,
				B9CF329A1B6B046900757E43 /* CVCalendarViewAnimatorDelegate.swift in Sources */,
				87B7C1801B69C22700C65C96 /* WorkedShift.swift in Sources */,
				B93E88891B45FFA00030877B /* JobColorView.swift in Sources */,
				B9CF32A71B6B046900757E43 /* CVShape.swift in Sources */,
				879277031B588B2C0023CBA6 /* PayRate.swift in Sources */,
				870CECBF1B4F4E9C00B30AAE /* PayRateTableViewController.swift in Sources */,
				B9CF32A21B6B046900757E43 /* CVDate.swift in Sources */,
				B9CF32A31B6B046900757E43 /* CVRange.swift in Sources */,
				B9BC3D711B74465E00DAF347 /* DataManager.swift in Sources */,
				B9E31D1C1B7C24CF008CF7DC /* RepeatWeekly.swift in Sources */,
				B9CF32961B6B046900757E43 /* CVCalendarMonthView.swift in Sources */,
				B936D63F1B607674009777A7 /* EndRepeatTableViewController.swift in Sources */,
				B9CF329E1B6B046900757E43 /* CVCalendarViewPresentationMode.swift in Sources */,
				87EAE1371B6B18FA00EBEF78 /* DetailsCell.swift in Sources */,
				006ABA421B8972460065B6DB /* AddShiftViewController.swift in Sources */,
				87EAE1331B6B05D000EBEF78 /* TimesheetCell.swift in Sources */,
				87238A501B3E3212004D44CA /* ClockInViewController.swift in Sources */,
				B9CF32A61B6B046900757E43 /* CVSet.swift in Sources */,
				B9CF32A51B6B046900757E43 /* CVSelectionType.swift in Sources */,
				B9A0BFF01B5993BB00433C96 /* WeekDayCollectionViewCell.swift in Sources */,
				B9CF32981B6B046900757E43 /* CVCalendarView.swift in Sources */,
				B9CF32941B6B046900757E43 /* CVCalendarMenuViewDelegate.swift in Sources */,
				B9CF32901B6B046900757E43 /* CVCalendarDayView.swift in Sources */,
				00A068DB1B7BC36B003719B8 /* String+SixOhFour.swift in Sources */,
				B9CF329D1B6B046900757E43 /* CVCalendarViewDelegate.swift in Sources */,
				004999FE1B87877400BD7A08 /* IncompleteShiftsTableViewController.swift in Sources */,
				B9C8A7B51B4E469E00C4BEEC /* AddScheduleTableViewController.swift in Sources */,
				B9E31D221B7C27A5008CF7DC /* RepeatSettings.swift in Sources */,
				B9CF32A41B6B046900757E43 /* CVScrollDirection.swift in Sources */,
				B93E888B1B46067E0030877B /* TodayScheduleCell.swift in Sources */,
				87B57CD71B509B4400D9B438 /* JobsListCell.swift in Sources */,
				874FACF81B33A9D7002EABB0 /* AppDelegate.swift in Sources */,
				B992A18D1B582FFE006E5A2B /* SetRepeatTableViewController.swift in Sources */,
				B9E34BCB1B50D21800B9FD88 /* JobsListTableViewController.swift in Sources */,
				879277011B5868E90023CBA6 /* JobOverviewViewController.swift in Sources */,
				87B7C1881B69C22800C65C96 /* RepeatingSchedule.swift in Sources */,
				871307391B630E4B00D96582 /* TimesheetViewController.swift in Sources */,
				00941E341B7D828500656726 /* ManualEditsListTableViewCell.swift in Sources */,
				87B7C1861B69C22800C65C96 /* Job.swift in Sources */,
				B9CF32991B6B046900757E43 /* CVCalendarViewAnimator.swift in Sources */,
				004C09911B7CF9ED004F4527 /* WatchCounter.swift in Sources */,
				B9920E691B3B711A0037B44B /* MainTabBarController.swift in Sources */,
				B9CF32971B6B046900757E43 /* CVCalendarTouchController.swift in Sources */,
				B9CF32911B6B046900757E43 /* CVCalendarDayViewControlCoordinator.swift in Sources */,
				870CECC11B4F77C900B30AAE /* AddJobTableViewController.swift in Sources */,
				B9CF328E1B6B046900757E43 /* CVAuxiliaryView.swift in Sources */,
				874FACFB1B33A9D7002EABB0 /* SixOhFour.xcdatamodeld in Sources */,
				B9CF32931B6B046900757E43 /* CVCalendarMenuView.swift in Sources */,
				B9CF32921B6B046900757E43 /* CVCalendarManager.swift in Sources */,
				87B7C1841B69C22800C65C96 /* Company.swift in Sources */,
				B9CF329F1B6B046900757E43 /* CVCalendarWeekContentViewController.swift in Sources */,
				87B7C18A1B69C22800C65C96 /* Reminders.swift in Sources */,
				B9E31D1E1B7C25DF008CF7DC /* RepeatMonthly.swift in Sources */,
				B9BBE8AD1B3BE356004D68DB /* HomeViewController.swift in Sources */,
				B9920E6B1B3B7A1C0037B44B /* RepeatingScheduleViewController.swift in Sources */,
				B9CF328F1B6B046900757E43 /* CVCalendarContentViewController.swift in Sources */,
				00A068DD1B7C36B1003719B8 /* TimelogCell.swift in Sources */,
				00521B971B758C0900735849 /* SetBreakTimeViewController.swift in Sources */,
				B9CF329B1B6B046900757E43 /* CVCalendarViewAppearance.swift in Sources */,
			);
			runOnlyForDeploymentPostprocessing = 0;
		};
		874FAD061B33A9D7002EABB0 /* Sources */ = {
			isa = PBXSourcesBuildPhase;
			buildActionMask = 2147483647;
			files = (
				874FAD111B33A9D7002EABB0 /* SixOhFourTests.swift in Sources */,
			);
			runOnlyForDeploymentPostprocessing = 0;
		};
/* End PBXSourcesBuildPhase section */

/* Begin PBXTargetDependency section */
		874FAD0C1B33A9D7002EABB0 /* PBXTargetDependency */ = {
			isa = PBXTargetDependency;
			target = 874FACF11B33A9D7002EABB0 /* SixOhFour */;
			targetProxy = 874FAD0B1B33A9D7002EABB0 /* PBXContainerItemProxy */;
		};
/* End PBXTargetDependency section */

/* Begin PBXVariantGroup section */
		874FACFE1B33A9D7002EABB0 /* Main.storyboard */ = {
			isa = PBXVariantGroup;
			children = (
				874FACFF1B33A9D7002EABB0 /* Base */,
			);
			name = Main.storyboard;
			sourceTree = "<group>";
		};
		874FAD031B33A9D7002EABB0 /* LaunchScreen.xib */ = {
			isa = PBXVariantGroup;
			children = (
				874FAD041B33A9D7002EABB0 /* Base */,
			);
			name = LaunchScreen.xib;
			sourceTree = "<group>";
		};
/* End PBXVariantGroup section */

/* Begin XCBuildConfiguration section */
		874FAD121B33A9D7002EABB0 /* Debug */ = {
			isa = XCBuildConfiguration;
			buildSettings = {
				ALWAYS_SEARCH_USER_PATHS = NO;
				CLANG_CXX_LANGUAGE_STANDARD = "gnu++0x";
				CLANG_CXX_LIBRARY = "libc++";
				CLANG_ENABLE_MODULES = YES;
				CLANG_ENABLE_OBJC_ARC = YES;
				CLANG_WARN_BOOL_CONVERSION = YES;
				CLANG_WARN_CONSTANT_CONVERSION = YES;
				CLANG_WARN_DIRECT_OBJC_ISA_USAGE = YES_ERROR;
				CLANG_WARN_EMPTY_BODY = YES;
				CLANG_WARN_ENUM_CONVERSION = YES;
				CLANG_WARN_INT_CONVERSION = YES;
				CLANG_WARN_OBJC_ROOT_CLASS = YES_ERROR;
				CLANG_WARN_UNREACHABLE_CODE = YES;
				CLANG_WARN__DUPLICATE_METHOD_MATCH = YES;
				"CODE_SIGN_IDENTITY[sdk=iphoneos*]" = "iPhone Developer";
				COPY_PHASE_STRIP = NO;
				DEBUG_INFORMATION_FORMAT = "dwarf-with-dsym";
				ENABLE_STRICT_OBJC_MSGSEND = YES;
				GCC_C_LANGUAGE_STANDARD = gnu99;
				GCC_DYNAMIC_NO_PIC = NO;
				GCC_NO_COMMON_BLOCKS = YES;
				GCC_OPTIMIZATION_LEVEL = 0;
				GCC_PREPROCESSOR_DEFINITIONS = (
					"DEBUG=1",
					"$(inherited)",
				);
				GCC_SYMBOLS_PRIVATE_EXTERN = NO;
				GCC_WARN_64_TO_32_BIT_CONVERSION = YES;
				GCC_WARN_ABOUT_RETURN_TYPE = YES_ERROR;
				GCC_WARN_UNDECLARED_SELECTOR = YES;
				GCC_WARN_UNINITIALIZED_AUTOS = YES_AGGRESSIVE;
				GCC_WARN_UNUSED_FUNCTION = YES;
				GCC_WARN_UNUSED_VARIABLE = YES;
				IPHONEOS_DEPLOYMENT_TARGET = 8.3;
				MTL_ENABLE_DEBUG_INFO = YES;
				ONLY_ACTIVE_ARCH = YES;
				SDKROOT = iphoneos;
				SWIFT_OPTIMIZATION_LEVEL = "-Onone";
			};
			name = Debug;
		};
		874FAD131B33A9D7002EABB0 /* Release */ = {
			isa = XCBuildConfiguration;
			buildSettings = {
				ALWAYS_SEARCH_USER_PATHS = NO;
				CLANG_CXX_LANGUAGE_STANDARD = "gnu++0x";
				CLANG_CXX_LIBRARY = "libc++";
				CLANG_ENABLE_MODULES = YES;
				CLANG_ENABLE_OBJC_ARC = YES;
				CLANG_WARN_BOOL_CONVERSION = YES;
				CLANG_WARN_CONSTANT_CONVERSION = YES;
				CLANG_WARN_DIRECT_OBJC_ISA_USAGE = YES_ERROR;
				CLANG_WARN_EMPTY_BODY = YES;
				CLANG_WARN_ENUM_CONVERSION = YES;
				CLANG_WARN_INT_CONVERSION = YES;
				CLANG_WARN_OBJC_ROOT_CLASS = YES_ERROR;
				CLANG_WARN_UNREACHABLE_CODE = YES;
				CLANG_WARN__DUPLICATE_METHOD_MATCH = YES;
				"CODE_SIGN_IDENTITY[sdk=iphoneos*]" = "iPhone Developer";
				COPY_PHASE_STRIP = NO;
				DEBUG_INFORMATION_FORMAT = "dwarf-with-dsym";
				ENABLE_NS_ASSERTIONS = NO;
				ENABLE_STRICT_OBJC_MSGSEND = YES;
				GCC_C_LANGUAGE_STANDARD = gnu99;
				GCC_NO_COMMON_BLOCKS = YES;
				GCC_WARN_64_TO_32_BIT_CONVERSION = YES;
				GCC_WARN_ABOUT_RETURN_TYPE = YES_ERROR;
				GCC_WARN_UNDECLARED_SELECTOR = YES;
				GCC_WARN_UNINITIALIZED_AUTOS = YES_AGGRESSIVE;
				GCC_WARN_UNUSED_FUNCTION = YES;
				GCC_WARN_UNUSED_VARIABLE = YES;
				IPHONEOS_DEPLOYMENT_TARGET = 8.3;
				MTL_ENABLE_DEBUG_INFO = NO;
				SDKROOT = iphoneos;
				VALIDATE_PRODUCT = YES;
			};
			name = Release;
		};
		874FAD151B33A9D7002EABB0 /* Debug */ = {
			isa = XCBuildConfiguration;
			buildSettings = {
				ASSETCATALOG_COMPILER_APPICON_NAME = AppIcon;
				INFOPLIST_FILE = SixOhFour/Info.plist;
				IPHONEOS_DEPLOYMENT_TARGET = 8.2;
				LD_RUNPATH_SEARCH_PATHS = "$(inherited) @executable_path/Frameworks";
				PRODUCT_NAME = "$(TARGET_NAME)";
			};
			name = Debug;
		};
		874FAD161B33A9D7002EABB0 /* Release */ = {
			isa = XCBuildConfiguration;
			buildSettings = {
				ASSETCATALOG_COMPILER_APPICON_NAME = AppIcon;
				INFOPLIST_FILE = SixOhFour/Info.plist;
				IPHONEOS_DEPLOYMENT_TARGET = 8.2;
				LD_RUNPATH_SEARCH_PATHS = "$(inherited) @executable_path/Frameworks";
				PRODUCT_NAME = "$(TARGET_NAME)";
			};
			name = Release;
		};
		874FAD181B33A9D7002EABB0 /* Debug */ = {
			isa = XCBuildConfiguration;
			buildSettings = {
				BUNDLE_LOADER = "$(TEST_HOST)";
				FRAMEWORK_SEARCH_PATHS = (
					"$(SDKROOT)/Developer/Library/Frameworks",
					"$(inherited)",
				);
				GCC_PREPROCESSOR_DEFINITIONS = (
					"DEBUG=1",
					"$(inherited)",
				);
				INFOPLIST_FILE = SixOhFourTests/Info.plist;
				IPHONEOS_DEPLOYMENT_TARGET = 8.2;
				LD_RUNPATH_SEARCH_PATHS = "$(inherited) @executable_path/Frameworks @loader_path/Frameworks";
				PRODUCT_NAME = "$(TARGET_NAME)";
				TEST_HOST = "$(BUILT_PRODUCTS_DIR)/SixOhFour.app/SixOhFour";
			};
			name = Debug;
		};
		874FAD191B33A9D7002EABB0 /* Release */ = {
			isa = XCBuildConfiguration;
			buildSettings = {
				BUNDLE_LOADER = "$(TEST_HOST)";
				FRAMEWORK_SEARCH_PATHS = (
					"$(SDKROOT)/Developer/Library/Frameworks",
					"$(inherited)",
				);
				INFOPLIST_FILE = SixOhFourTests/Info.plist;
				IPHONEOS_DEPLOYMENT_TARGET = 8.2;
				LD_RUNPATH_SEARCH_PATHS = "$(inherited) @executable_path/Frameworks @loader_path/Frameworks";
				PRODUCT_NAME = "$(TARGET_NAME)";
				TEST_HOST = "$(BUILT_PRODUCTS_DIR)/SixOhFour.app/SixOhFour";
			};
			name = Release;
		};
/* End XCBuildConfiguration section */

/* Begin XCConfigurationList section */
		874FACED1B33A9D7002EABB0 /* Build configuration list for PBXProject "SixOhFour" */ = {
			isa = XCConfigurationList;
			buildConfigurations = (
				874FAD121B33A9D7002EABB0 /* Debug */,
				874FAD131B33A9D7002EABB0 /* Release */,
			);
			defaultConfigurationIsVisible = 0;
			defaultConfigurationName = Release;
		};
		874FAD141B33A9D7002EABB0 /* Build configuration list for PBXNativeTarget "SixOhFour" */ = {
			isa = XCConfigurationList;
			buildConfigurations = (
				874FAD151B33A9D7002EABB0 /* Debug */,
				874FAD161B33A9D7002EABB0 /* Release */,
			);
			defaultConfigurationIsVisible = 0;
			defaultConfigurationName = Release;
		};
		874FAD171B33A9D7002EABB0 /* Build configuration list for PBXNativeTarget "SixOhFourTests" */ = {
			isa = XCConfigurationList;
			buildConfigurations = (
				874FAD181B33A9D7002EABB0 /* Debug */,
				874FAD191B33A9D7002EABB0 /* Release */,
			);
			defaultConfigurationIsVisible = 0;
			defaultConfigurationName = Release;
		};
/* End XCConfigurationList section */

/* Begin XCVersionGroup section */
		874FACF91B33A9D7002EABB0 /* SixOhFour.xcdatamodeld */ = {
			isa = XCVersionGroup;
			children = (
				87B7C17E1B69AAAE00C65C96 /* SixOhFourV3.xcdatamodel */,
				87B57CD51B5090D100D9B438 /* SixOhFourV2.xcdatamodel */,
				874FACFA1B33A9D7002EABB0 /* SixOhFour.xcdatamodel */,
			);
			currentVersion = 87B7C17E1B69AAAE00C65C96 /* SixOhFourV3.xcdatamodel */;
			path = SixOhFour.xcdatamodeld;
			sourceTree = "<group>";
			versionGroupType = wrapper.xcdatamodel;
		};
/* End XCVersionGroup section */
	};
	rootObject = 874FACEA1B33A9D7002EABB0 /* Project object */;
}
