// !$*UTF8*$!
{
	archiveVersion = 1;
	classes = {
	};
	objectVersion = 46;
	objects = {

/* Begin PBXBuildFile section */
		001464781B4E06D400AC0C9F /* ClockInStoryboard.storyboard in Resources */ = {isa = PBXBuildFile; fileRef = 001464771B4E06D400AC0C9F /* ClockInStoryboard.storyboard */; };
		0014647C1B4E14FE00AC0C9F /* ClockInJobsPopoverViewController.swift in Sources */ = {isa = PBXBuildFile; fileRef = 0014647B1B4E14FE00AC0C9F /* ClockInJobsPopoverViewController.swift */; };
		001464801B4F4F6600AC0C9F /* ClockIn_TimeLogCell.swift in Sources */ = {isa = PBXBuildFile; fileRef = 0014647F1B4F4F6600AC0C9F /* ClockIn_TimeLogCell.swift */; };
		001464821B4F65D300AC0C9F /* TimeLogs.swift in Sources */ = {isa = PBXBuildFile; fileRef = 001464811B4F65D300AC0C9F /* TimeLogs.swift */; };
		005EAD531B52235600F8E970 /* ClockIn_EndedBreakCell.swift in Sources */ = {isa = PBXBuildFile; fileRef = 005EAD521B52235600F8E970 /* ClockIn_EndedBreakCell.swift */; };
		870CECBF1B4F4E9C00B30AAE /* PayRateTableViewController.swift in Sources */ = {isa = PBXBuildFile; fileRef = 870CECBE1B4F4E9C00B30AAE /* PayRateTableViewController.swift */; };
		870CECC11B4F77C900B30AAE /* AddJobTableViewController.swift in Sources */ = {isa = PBXBuildFile; fileRef = 870CECC01B4F77C900B30AAE /* AddJobTableViewController.swift */; };
		871307391B630E4B00D96582 /* TimesheetViewController.swift in Sources */ = {isa = PBXBuildFile; fileRef = 871307381B630E4B00D96582 /* TimesheetViewController.swift */; };
		87238A461B3E25AA004D44CA /* AddJobStoryboard.storyboard in Resources */ = {isa = PBXBuildFile; fileRef = 87238A451B3E25AA004D44CA /* AddJobStoryboard.storyboard */; };
		87238A4C1B3E2EC5004D44CA /* CalendarStoryboard.storyboard in Resources */ = {isa = PBXBuildFile; fileRef = 87238A4B1B3E2EC5004D44CA /* CalendarStoryboard.storyboard */; };
		87238A4E1B3E300A004D44CA /* CalendarViewController.swift in Sources */ = {isa = PBXBuildFile; fileRef = 87238A4D1B3E300A004D44CA /* CalendarViewController.swift */; };
		87238A501B3E3212004D44CA /* ClockInViewController.swift in Sources */ = {isa = PBXBuildFile; fileRef = 87238A4F1B3E3212004D44CA /* ClockInViewController.swift */; };
		874FACF81B33A9D7002EABB0 /* AppDelegate.swift in Sources */ = {isa = PBXBuildFile; fileRef = 874FACF71B33A9D7002EABB0 /* AppDelegate.swift */; };
		874FACFB1B33A9D7002EABB0 /* SixOhFour.xcdatamodeld in Sources */ = {isa = PBXBuildFile; fileRef = 874FACF91B33A9D7002EABB0 /* SixOhFour.xcdatamodeld */; };
		874FAD001B33A9D7002EABB0 /* Main.storyboard in Resources */ = {isa = PBXBuildFile; fileRef = 874FACFE1B33A9D7002EABB0 /* Main.storyboard */; };
		874FAD021B33A9D7002EABB0 /* Images.xcassets in Resources */ = {isa = PBXBuildFile; fileRef = 874FAD011B33A9D7002EABB0 /* Images.xcassets */; };
		874FAD051B33A9D7002EABB0 /* LaunchScreen.xib in Resources */ = {isa = PBXBuildFile; fileRef = 874FAD031B33A9D7002EABB0 /* LaunchScreen.xib */; };
		874FAD111B33A9D7002EABB0 /* SixOhFourTests.swift in Sources */ = {isa = PBXBuildFile; fileRef = 874FAD101B33A9D7002EABB0 /* SixOhFourTests.swift */; };
		879277011B5868E90023CBA6 /* JobOverviewViewController.swift in Sources */ = {isa = PBXBuildFile; fileRef = 879277001B5868E90023CBA6 /* JobOverviewViewController.swift */; };
		879277031B588B2C0023CBA6 /* PayRate.swift in Sources */ = {isa = PBXBuildFile; fileRef = 879277021B588B2C0023CBA6 /* PayRate.swift */; };
		87B57CD71B509B4400D9B438 /* JobsListCell.swift in Sources */ = {isa = PBXBuildFile; fileRef = 87B57CD61B509B4400D9B438 /* JobsListCell.swift */; };
		87B7C1801B69C22700C65C96 /* WorkedShift.swift in Sources */ = {isa = PBXBuildFile; fileRef = 87B7C17F1B69C22700C65C96 /* WorkedShift.swift */; };
		87B7C1821B69C22800C65C96 /* UserPreferences.swift in Sources */ = {isa = PBXBuildFile; fileRef = 87B7C1811B69C22800C65C96 /* UserPreferences.swift */; };
		87B7C1841B69C22800C65C96 /* Company.swift in Sources */ = {isa = PBXBuildFile; fileRef = 87B7C1831B69C22800C65C96 /* Company.swift */; };
		87B7C1861B69C22800C65C96 /* Job.swift in Sources */ = {isa = PBXBuildFile; fileRef = 87B7C1851B69C22800C65C96 /* Job.swift */; };
		87B7C1881B69C22800C65C96 /* RepeatingSchedule.swift in Sources */ = {isa = PBXBuildFile; fileRef = 87B7C1871B69C22800C65C96 /* RepeatingSchedule.swift */; };
		87B7C18A1B69C22800C65C96 /* Reminders.swift in Sources */ = {isa = PBXBuildFile; fileRef = 87B7C1891B69C22800C65C96 /* Reminders.swift */; };
		87B7C18C1B69C22800C65C96 /* ScheduledShift.swift in Sources */ = {isa = PBXBuildFile; fileRef = 87B7C18B1B69C22800C65C96 /* ScheduledShift.swift */; };
		87B7C18E1B69C22800C65C96 /* Timelog.swift in Sources */ = {isa = PBXBuildFile; fileRef = 87B7C18D1B69C22800C65C96 /* Timelog.swift */; };
		87B7C1901B69C91D00C65C96 /* Color.swift in Sources */ = {isa = PBXBuildFile; fileRef = 87B7C18F1B69C91D00C65C96 /* Color.swift */; };
		87F4B3781B57411C001B9526 /* JobColor.swift in Sources */ = {isa = PBXBuildFile; fileRef = 87F4B3771B57411C001B9526 /* JobColor.swift */; };
		B90FA0551B4320A6004B4D79 /* CVCalendarContentDelegate.swift in Sources */ = {isa = PBXBuildFile; fileRef = B90FA0411B4320A6004B4D79 /* CVCalendarContentDelegate.swift */; };
		B90FA0561B4320A6004B4D79 /* CVCalendarContentViewController.swift in Sources */ = {isa = PBXBuildFile; fileRef = B90FA0421B4320A6004B4D79 /* CVCalendarContentViewController.swift */; };
		B90FA0571B4320A6004B4D79 /* CVCalendarDayView.swift in Sources */ = {isa = PBXBuildFile; fileRef = B90FA0431B4320A6004B4D79 /* CVCalendarDayView.swift */; };
		B90FA0581B4320A6004B4D79 /* CVCalendarDayViewControlCoordinator.swift in Sources */ = {isa = PBXBuildFile; fileRef = B90FA0441B4320A6004B4D79 /* CVCalendarDayViewControlCoordinator.swift */; };
		B90FA0591B4320A6004B4D79 /* CVCalendarManager.swift in Sources */ = {isa = PBXBuildFile; fileRef = B90FA0451B4320A6004B4D79 /* CVCalendarManager.swift */; };
		B90FA05A1B4320A6004B4D79 /* CVCalendarMenuView.swift in Sources */ = {isa = PBXBuildFile; fileRef = B90FA0461B4320A6004B4D79 /* CVCalendarMenuView.swift */; };
		B90FA05B1B4320A6004B4D79 /* CVCalendarMonthContentView.swift in Sources */ = {isa = PBXBuildFile; fileRef = B90FA0471B4320A6004B4D79 /* CVCalendarMonthContentView.swift */; };
		B90FA05C1B4320A6004B4D79 /* CVCalendarMonthView.swift in Sources */ = {isa = PBXBuildFile; fileRef = B90FA0481B4320A6004B4D79 /* CVCalendarMonthView.swift */; };
		B90FA05D1B4320A6004B4D79 /* CVCalendarRenderer.swift in Sources */ = {isa = PBXBuildFile; fileRef = B90FA0491B4320A6004B4D79 /* CVCalendarRenderer.swift */; };
		B90FA05E1B4320A6004B4D79 /* CVCalendarView.swift in Sources */ = {isa = PBXBuildFile; fileRef = B90FA04A1B4320A6004B4D79 /* CVCalendarView.swift */; };
		B90FA05F1B4320A6004B4D79 /* CVCalendarViewAnimator.swift in Sources */ = {isa = PBXBuildFile; fileRef = B90FA04B1B4320A6004B4D79 /* CVCalendarViewAnimator.swift */; };
		B90FA0601B4320A6004B4D79 /* CVCalendarViewAnimatorDelegate.swift in Sources */ = {isa = PBXBuildFile; fileRef = B90FA04C1B4320A6004B4D79 /* CVCalendarViewAnimatorDelegate.swift */; };
		B90FA0611B4320A6004B4D79 /* CVCalendarViewAppearance.swift in Sources */ = {isa = PBXBuildFile; fileRef = B90FA04D1B4320A6004B4D79 /* CVCalendarViewAppearance.swift */; };
		B90FA0621B4320A6004B4D79 /* CVCalendarViewAppearanceDelegate.swift in Sources */ = {isa = PBXBuildFile; fileRef = B90FA04E1B4320A6004B4D79 /* CVCalendarViewAppearanceDelegate.swift */; };
		B90FA0631B4320A6004B4D79 /* CVCalendarViewDelegate.swift in Sources */ = {isa = PBXBuildFile; fileRef = B90FA04F1B4320A6004B4D79 /* CVCalendarViewDelegate.swift */; };
		B90FA0641B4320A6004B4D79 /* CVCalendarWeekContentRecovery.swift in Sources */ = {isa = PBXBuildFile; fileRef = B90FA0501B4320A6004B4D79 /* CVCalendarWeekContentRecovery.swift */; };
		B90FA0651B4320A6004B4D79 /* CVCalendarWeekContentView.swift in Sources */ = {isa = PBXBuildFile; fileRef = B90FA0511B4320A6004B4D79 /* CVCalendarWeekContentView.swift */; };
		B90FA0661B4320A6004B4D79 /* CVCalendarWeekView.swift in Sources */ = {isa = PBXBuildFile; fileRef = B90FA0521B4320A6004B4D79 /* CVCalendarWeekView.swift */; };
		B90FA0671B4320A6004B4D79 /* CVCircleView.swift in Sources */ = {isa = PBXBuildFile; fileRef = B90FA0531B4320A6004B4D79 /* CVCircleView.swift */; };
		B90FA0681B4320A6004B4D79 /* CVDate.swift in Sources */ = {isa = PBXBuildFile; fileRef = B90FA0541B4320A6004B4D79 /* CVDate.swift */; };
		B936D63F1B607674009777A7 /* EndRepeatTableViewController.swift in Sources */ = {isa = PBXBuildFile; fileRef = B936D63E1B607674009777A7 /* EndRepeatTableViewController.swift */; };
		B93E88891B45FFA00030877B /* JobColorView.swift in Sources */ = {isa = PBXBuildFile; fileRef = B93E88881B45FFA00030877B /* JobColorView.swift */; };
		B93E888B1B46067E0030877B /* TodayScheduleCell.swift in Sources */ = {isa = PBXBuildFile; fileRef = B93E888A1B46067E0030877B /* TodayScheduleCell.swift */; };
		B93E88931B463BFD0030877B /* Shift.swift in Sources */ = {isa = PBXBuildFile; fileRef = B93E88921B463BFD0030877B /* Shift.swift */; };
		B9920E691B3B711A0037B44B /* MainTabBarController.swift in Sources */ = {isa = PBXBuildFile; fileRef = B9920E681B3B711A0037B44B /* MainTabBarController.swift */; };
		B9920E6B1B3B7A1C0037B44B /* RepeatingScheduleViewController.swift in Sources */ = {isa = PBXBuildFile; fileRef = B9920E6A1B3B7A1C0037B44B /* RepeatingScheduleViewController.swift */; };
		B992A18D1B582FFE006E5A2B /* SetRepeatTableViewController.swift in Sources */ = {isa = PBXBuildFile; fileRef = B992A18C1B582FFE006E5A2B /* SetRepeatTableViewController.swift */; };
		B992A1951B587CE1006E5A2B /* RepeatSettings.swift in Sources */ = {isa = PBXBuildFile; fileRef = B992A1941B587CE1006E5A2B /* RepeatSettings.swift */; };
		B9A0BFF01B5993BB00433C96 /* WeekDayCollectionViewCell.swift in Sources */ = {isa = PBXBuildFile; fileRef = B9A0BFEF1B5993BB00433C96 /* WeekDayCollectionViewCell.swift */; };
		B9A0BFF21B5993E200433C96 /* RepeatOnDaysCell.swift in Sources */ = {isa = PBXBuildFile; fileRef = B9A0BFF11B5993E200433C96 /* RepeatOnDaysCell.swift */; };
		B9BBE8AD1B3BE356004D68DB /* HomeViewController.swift in Sources */ = {isa = PBXBuildFile; fileRef = B9BBE8AC1B3BE356004D68DB /* HomeViewController.swift */; };
		B9C8A7B51B4E469E00C4BEEC /* AddScheduleTableViewController.swift in Sources */ = {isa = PBXBuildFile; fileRef = B9C8A7B41B4E469E00C4BEEC /* AddScheduleTableViewController.swift */; };
		B9E34BCB1B50D21800B9FD88 /* JobsListTableViewController.swift in Sources */ = {isa = PBXBuildFile; fileRef = B9E34BCA1B50D21800B9FD88 /* JobsListTableViewController.swift */; };
/* End PBXBuildFile section */

/* Begin PBXContainerItemProxy section */
		874FAD0B1B33A9D7002EABB0 /* PBXContainerItemProxy */ = {
			isa = PBXContainerItemProxy;
			containerPortal = 874FACEA1B33A9D7002EABB0 /* Project object */;
			proxyType = 1;
			remoteGlobalIDString = 874FACF11B33A9D7002EABB0;
			remoteInfo = SixOhFour;
		};
/* End PBXContainerItemProxy section */

/* Begin PBXFileReference section */
		001464771B4E06D400AC0C9F /* ClockInStoryboard.storyboard */ = {isa = PBXFileReference; fileEncoding = 4; lastKnownFileType = file.storyboard; path = ClockInStoryboard.storyboard; sourceTree = "<group>"; };
		0014647B1B4E14FE00AC0C9F /* ClockInJobsPopoverViewController.swift */ = {isa = PBXFileReference; fileEncoding = 4; lastKnownFileType = sourcecode.swift; name = ClockInJobsPopoverViewController.swift; path = ../ClockInJobsPopoverViewController.swift; sourceTree = "<group>"; };
		0014647F1B4F4F6600AC0C9F /* ClockIn_TimeLogCell.swift */ = {isa = PBXFileReference; fileEncoding = 4; lastKnownFileType = sourcecode.swift; path = ClockIn_TimeLogCell.swift; sourceTree = "<group>"; };
		001464811B4F65D300AC0C9F /* TimeLogs.swift */ = {isa = PBXFileReference; fileEncoding = 4; lastKnownFileType = sourcecode.swift; path = TimeLogs.swift; sourceTree = "<group>"; };
		005EAD521B52235600F8E970 /* ClockIn_EndedBreakCell.swift */ = {isa = PBXFileReference; fileEncoding = 4; lastKnownFileType = sourcecode.swift; path = ClockIn_EndedBreakCell.swift; sourceTree = "<group>"; };
		870CECBE1B4F4E9C00B30AAE /* PayRateTableViewController.swift */ = {isa = PBXFileReference; fileEncoding = 4; lastKnownFileType = sourcecode.swift; path = PayRateTableViewController.swift; sourceTree = "<group>"; };
		870CECC01B4F77C900B30AAE /* AddJobTableViewController.swift */ = {isa = PBXFileReference; fileEncoding = 4; lastKnownFileType = sourcecode.swift; path = AddJobTableViewController.swift; sourceTree = "<group>"; };
		871307381B630E4B00D96582 /* TimesheetViewController.swift */ = {isa = PBXFileReference; fileEncoding = 4; lastKnownFileType = sourcecode.swift; path = TimesheetViewController.swift; sourceTree = "<group>"; };
		87238A451B3E25AA004D44CA /* AddJobStoryboard.storyboard */ = {isa = PBXFileReference; fileEncoding = 4; lastKnownFileType = file.storyboard; path = AddJobStoryboard.storyboard; sourceTree = "<group>"; };
		87238A4B1B3E2EC5004D44CA /* CalendarStoryboard.storyboard */ = {isa = PBXFileReference; fileEncoding = 4; lastKnownFileType = file.storyboard; path = CalendarStoryboard.storyboard; sourceTree = "<group>"; };
		87238A4D1B3E300A004D44CA /* CalendarViewController.swift */ = {isa = PBXFileReference; fileEncoding = 4; lastKnownFileType = sourcecode.swift; path = CalendarViewController.swift; sourceTree = "<group>"; };
		87238A4F1B3E3212004D44CA /* ClockInViewController.swift */ = {isa = PBXFileReference; fileEncoding = 4; lastKnownFileType = sourcecode.swift; path = ClockInViewController.swift; sourceTree = "<group>"; };
		874FACF21B33A9D7002EABB0 /* SixOhFour.app */ = {isa = PBXFileReference; explicitFileType = wrapper.application; includeInIndex = 0; path = SixOhFour.app; sourceTree = BUILT_PRODUCTS_DIR; };
		874FACF61B33A9D7002EABB0 /* Info.plist */ = {isa = PBXFileReference; lastKnownFileType = text.plist.xml; path = Info.plist; sourceTree = "<group>"; };
		874FACF71B33A9D7002EABB0 /* AppDelegate.swift */ = {isa = PBXFileReference; lastKnownFileType = sourcecode.swift; path = AppDelegate.swift; sourceTree = "<group>"; };
		874FACFA1B33A9D7002EABB0 /* SixOhFour.xcdatamodel */ = {isa = PBXFileReference; lastKnownFileType = wrapper.xcdatamodel; path = SixOhFour.xcdatamodel; sourceTree = "<group>"; };
		874FACFF1B33A9D7002EABB0 /* Base */ = {isa = PBXFileReference; lastKnownFileType = file.storyboard; name = Base; path = Base.lproj/Main.storyboard; sourceTree = "<group>"; };
		874FAD011B33A9D7002EABB0 /* Images.xcassets */ = {isa = PBXFileReference; lastKnownFileType = folder.assetcatalog; path = Images.xcassets; sourceTree = "<group>"; };
		874FAD041B33A9D7002EABB0 /* Base */ = {isa = PBXFileReference; lastKnownFileType = file.xib; name = Base; path = Base.lproj/LaunchScreen.xib; sourceTree = "<group>"; };
		874FAD0A1B33A9D7002EABB0 /* SixOhFourTests.xctest */ = {isa = PBXFileReference; explicitFileType = wrapper.cfbundle; includeInIndex = 0; path = SixOhFourTests.xctest; sourceTree = BUILT_PRODUCTS_DIR; };
		874FAD0F1B33A9D7002EABB0 /* Info.plist */ = {isa = PBXFileReference; lastKnownFileType = text.plist.xml; path = Info.plist; sourceTree = "<group>"; };
		874FAD101B33A9D7002EABB0 /* SixOhFourTests.swift */ = {isa = PBXFileReference; lastKnownFileType = sourcecode.swift; path = SixOhFourTests.swift; sourceTree = "<group>"; };
		879277001B5868E90023CBA6 /* JobOverviewViewController.swift */ = {isa = PBXFileReference; fileEncoding = 4; lastKnownFileType = sourcecode.swift; path = JobOverviewViewController.swift; sourceTree = "<group>"; };
		879277021B588B2C0023CBA6 /* PayRate.swift */ = {isa = PBXFileReference; fileEncoding = 4; lastKnownFileType = sourcecode.swift; path = PayRate.swift; sourceTree = "<group>"; };
		87B57CD51B5090D100D9B438 /* SixOhFourV2.xcdatamodel */ = {isa = PBXFileReference; lastKnownFileType = wrapper.xcdatamodel; path = SixOhFourV2.xcdatamodel; sourceTree = "<group>"; };
		87B57CD61B509B4400D9B438 /* JobsListCell.swift */ = {isa = PBXFileReference; fileEncoding = 4; lastKnownFileType = sourcecode.swift; path = JobsListCell.swift; sourceTree = "<group>"; };
		87B7C17E1B69AAAE00C65C96 /* SixOhFourV3.xcdatamodel */ = {isa = PBXFileReference; lastKnownFileType = wrapper.xcdatamodel; path = SixOhFourV3.xcdatamodel; sourceTree = "<group>"; };
		87B7C17F1B69C22700C65C96 /* WorkedShift.swift */ = {isa = PBXFileReference; fileEncoding = 4; lastKnownFileType = sourcecode.swift; name = WorkedShift.swift; path = ../WorkedShift.swift; sourceTree = "<group>"; };
		87B7C1811B69C22800C65C96 /* UserPreferences.swift */ = {isa = PBXFileReference; fileEncoding = 4; lastKnownFileType = sourcecode.swift; name = UserPreferences.swift; path = ../UserPreferences.swift; sourceTree = "<group>"; };
		87B7C1831B69C22800C65C96 /* Company.swift */ = {isa = PBXFileReference; fileEncoding = 4; lastKnownFileType = sourcecode.swift; name = Company.swift; path = ../Company.swift; sourceTree = "<group>"; };
		87B7C1851B69C22800C65C96 /* Job.swift */ = {isa = PBXFileReference; fileEncoding = 4; lastKnownFileType = sourcecode.swift; name = Job.swift; path = ../Job.swift; sourceTree = "<group>"; };
		87B7C1871B69C22800C65C96 /* RepeatingSchedule.swift */ = {isa = PBXFileReference; fileEncoding = 4; lastKnownFileType = sourcecode.swift; name = RepeatingSchedule.swift; path = ../RepeatingSchedule.swift; sourceTree = "<group>"; };
		87B7C1891B69C22800C65C96 /* Reminders.swift */ = {isa = PBXFileReference; fileEncoding = 4; lastKnownFileType = sourcecode.swift; name = Reminders.swift; path = ../Reminders.swift; sourceTree = "<group>"; };
		87B7C18B1B69C22800C65C96 /* ScheduledShift.swift */ = {isa = PBXFileReference; fileEncoding = 4; lastKnownFileType = sourcecode.swift; name = ScheduledShift.swift; path = ../ScheduledShift.swift; sourceTree = "<group>"; };
		87B7C18D1B69C22800C65C96 /* Timelog.swift */ = {isa = PBXFileReference; fileEncoding = 4; lastKnownFileType = sourcecode.swift; name = Timelog.swift; path = ../Timelog.swift; sourceTree = "<group>"; };
		87B7C18F1B69C91D00C65C96 /* Color.swift */ = {isa = PBXFileReference; fileEncoding = 4; lastKnownFileType = sourcecode.swift; name = Color.swift; path = ../Color.swift; sourceTree = "<group>"; };
		87F4B3771B57411C001B9526 /* JobColor.swift */ = {isa = PBXFileReference; fileEncoding = 4; lastKnownFileType = sourcecode.swift; path = JobColor.swift; sourceTree = "<group>"; };
		B90FA0411B4320A6004B4D79 /* CVCalendarContentDelegate.swift */ = {isa = PBXFileReference; fileEncoding = 4; lastKnownFileType = sourcecode.swift; path = CVCalendarContentDelegate.swift; sourceTree = "<group>"; };
		B90FA0421B4320A6004B4D79 /* CVCalendarContentViewController.swift */ = {isa = PBXFileReference; fileEncoding = 4; lastKnownFileType = sourcecode.swift; path = CVCalendarContentViewController.swift; sourceTree = "<group>"; };
		B90FA0431B4320A6004B4D79 /* CVCalendarDayView.swift */ = {isa = PBXFileReference; fileEncoding = 4; lastKnownFileType = sourcecode.swift; path = CVCalendarDayView.swift; sourceTree = "<group>"; };
		B90FA0441B4320A6004B4D79 /* CVCalendarDayViewControlCoordinator.swift */ = {isa = PBXFileReference; fileEncoding = 4; lastKnownFileType = sourcecode.swift; path = CVCalendarDayViewControlCoordinator.swift; sourceTree = "<group>"; };
		B90FA0451B4320A6004B4D79 /* CVCalendarManager.swift */ = {isa = PBXFileReference; fileEncoding = 4; lastKnownFileType = sourcecode.swift; path = CVCalendarManager.swift; sourceTree = "<group>"; };
		B90FA0461B4320A6004B4D79 /* CVCalendarMenuView.swift */ = {isa = PBXFileReference; fileEncoding = 4; lastKnownFileType = sourcecode.swift; path = CVCalendarMenuView.swift; sourceTree = "<group>"; };
		B90FA0471B4320A6004B4D79 /* CVCalendarMonthContentView.swift */ = {isa = PBXFileReference; fileEncoding = 4; lastKnownFileType = sourcecode.swift; path = CVCalendarMonthContentView.swift; sourceTree = "<group>"; };
		B90FA0481B4320A6004B4D79 /* CVCalendarMonthView.swift */ = {isa = PBXFileReference; fileEncoding = 4; lastKnownFileType = sourcecode.swift; path = CVCalendarMonthView.swift; sourceTree = "<group>"; };
		B90FA0491B4320A6004B4D79 /* CVCalendarRenderer.swift */ = {isa = PBXFileReference; fileEncoding = 4; lastKnownFileType = sourcecode.swift; path = CVCalendarRenderer.swift; sourceTree = "<group>"; };
		B90FA04A1B4320A6004B4D79 /* CVCalendarView.swift */ = {isa = PBXFileReference; fileEncoding = 4; lastKnownFileType = sourcecode.swift; path = CVCalendarView.swift; sourceTree = "<group>"; };
		B90FA04B1B4320A6004B4D79 /* CVCalendarViewAnimator.swift */ = {isa = PBXFileReference; fileEncoding = 4; lastKnownFileType = sourcecode.swift; path = CVCalendarViewAnimator.swift; sourceTree = "<group>"; };
		B90FA04C1B4320A6004B4D79 /* CVCalendarViewAnimatorDelegate.swift */ = {isa = PBXFileReference; fileEncoding = 4; lastKnownFileType = sourcecode.swift; path = CVCalendarViewAnimatorDelegate.swift; sourceTree = "<group>"; };
		B90FA04D1B4320A6004B4D79 /* CVCalendarViewAppearance.swift */ = {isa = PBXFileReference; fileEncoding = 4; lastKnownFileType = sourcecode.swift; path = CVCalendarViewAppearance.swift; sourceTree = "<group>"; };
		B90FA04E1B4320A6004B4D79 /* CVCalendarViewAppearanceDelegate.swift */ = {isa = PBXFileReference; fileEncoding = 4; lastKnownFileType = sourcecode.swift; path = CVCalendarViewAppearanceDelegate.swift; sourceTree = "<group>"; };
		B90FA04F1B4320A6004B4D79 /* CVCalendarViewDelegate.swift */ = {isa = PBXFileReference; fileEncoding = 4; lastKnownFileType = sourcecode.swift; path = CVCalendarViewDelegate.swift; sourceTree = "<group>"; };
		B90FA0501B4320A6004B4D79 /* CVCalendarWeekContentRecovery.swift */ = {isa = PBXFileReference; fileEncoding = 4; lastKnownFileType = sourcecode.swift; path = CVCalendarWeekContentRecovery.swift; sourceTree = "<group>"; };
		B90FA0511B4320A6004B4D79 /* CVCalendarWeekContentView.swift */ = {isa = PBXFileReference; fileEncoding = 4; lastKnownFileType = sourcecode.swift; path = CVCalendarWeekContentView.swift; sourceTree = "<group>"; };
		B90FA0521B4320A6004B4D79 /* CVCalendarWeekView.swift */ = {isa = PBXFileReference; fileEncoding = 4; lastKnownFileType = sourcecode.swift; path = CVCalendarWeekView.swift; sourceTree = "<group>"; };
		B90FA0531B4320A6004B4D79 /* CVCircleView.swift */ = {isa = PBXFileReference; fileEncoding = 4; lastKnownFileType = sourcecode.swift; path = CVCircleView.swift; sourceTree = "<group>"; };
		B90FA0541B4320A6004B4D79 /* CVDate.swift */ = {isa = PBXFileReference; fileEncoding = 4; lastKnownFileType = sourcecode.swift; path = CVDate.swift; sourceTree = "<group>"; };
		B936D63E1B607674009777A7 /* EndRepeatTableViewController.swift */ = {isa = PBXFileReference; fileEncoding = 4; lastKnownFileType = sourcecode.swift; path = EndRepeatTableViewController.swift; sourceTree = "<group>"; };
		B93E88881B45FFA00030877B /* JobColorView.swift */ = {isa = PBXFileReference; fileEncoding = 4; lastKnownFileType = sourcecode.swift; path = JobColorView.swift; sourceTree = "<group>"; };
		B93E888A1B46067E0030877B /* TodayScheduleCell.swift */ = {isa = PBXFileReference; fileEncoding = 4; lastKnownFileType = sourcecode.swift; path = TodayScheduleCell.swift; sourceTree = "<group>"; };
		B93E88921B463BFD0030877B /* Shift.swift */ = {isa = PBXFileReference; fileEncoding = 4; lastKnownFileType = sourcecode.swift; path = Shift.swift; sourceTree = "<group>"; };
		B9920E681B3B711A0037B44B /* MainTabBarController.swift */ = {isa = PBXFileReference; fileEncoding = 4; lastKnownFileType = sourcecode.swift; path = MainTabBarController.swift; sourceTree = "<group>"; };
		B9920E6A1B3B7A1C0037B44B /* RepeatingScheduleViewController.swift */ = {isa = PBXFileReference; fileEncoding = 4; lastKnownFileType = sourcecode.swift; path = RepeatingScheduleViewController.swift; sourceTree = "<group>"; };
		B992A18C1B582FFE006E5A2B /* SetRepeatTableViewController.swift */ = {isa = PBXFileReference; fileEncoding = 4; lastKnownFileType = sourcecode.swift; path = SetRepeatTableViewController.swift; sourceTree = "<group>"; };
		B992A1941B587CE1006E5A2B /* RepeatSettings.swift */ = {isa = PBXFileReference; fileEncoding = 4; lastKnownFileType = sourcecode.swift; path = RepeatSettings.swift; sourceTree = "<group>"; };
		B9A0BFEF1B5993BB00433C96 /* WeekDayCollectionViewCell.swift */ = {isa = PBXFileReference; fileEncoding = 4; lastKnownFileType = sourcecode.swift; path = WeekDayCollectionViewCell.swift; sourceTree = "<group>"; };
		B9A0BFF11B5993E200433C96 /* RepeatOnDaysCell.swift */ = {isa = PBXFileReference; fileEncoding = 4; lastKnownFileType = sourcecode.swift; path = RepeatOnDaysCell.swift; sourceTree = "<group>"; };
		B9BBE8AC1B3BE356004D68DB /* HomeViewController.swift */ = {isa = PBXFileReference; fileEncoding = 4; lastKnownFileType = sourcecode.swift; path = HomeViewController.swift; sourceTree = "<group>"; };
		B9C8A7B41B4E469E00C4BEEC /* AddScheduleTableViewController.swift */ = {isa = PBXFileReference; fileEncoding = 4; lastKnownFileType = sourcecode.swift; path = AddScheduleTableViewController.swift; sourceTree = "<group>"; };
		B9E34BCA1B50D21800B9FD88 /* JobsListTableViewController.swift */ = {isa = PBXFileReference; fileEncoding = 4; lastKnownFileType = sourcecode.swift; path = JobsListTableViewController.swift; sourceTree = "<group>"; };
/* End PBXFileReference section */

/* Begin PBXFrameworksBuildPhase section */
		874FACEF1B33A9D7002EABB0 /* Frameworks */ = {
			isa = PBXFrameworksBuildPhase;
			buildActionMask = 2147483647;
			files = (
			);
			runOnlyForDeploymentPostprocessing = 0;
		};
		874FAD071B33A9D7002EABB0 /* Frameworks */ = {
			isa = PBXFrameworksBuildPhase;
			buildActionMask = 2147483647;
			files = (
			);
			runOnlyForDeploymentPostprocessing = 0;
		};
/* End PBXFrameworksBuildPhase section */

/* Begin PBXGroup section */
		874FACE91B33A9D7002EABB0 = {
			isa = PBXGroup;
			children = (
				874FACF41B33A9D7002EABB0 /* SixOhFour */,
				874FAD0D1B33A9D7002EABB0 /* SixOhFourTests */,
				874FACF31B33A9D7002EABB0 /* Products */,
			);
			sourceTree = "<group>";
		};
		874FACF31B33A9D7002EABB0 /* Products */ = {
			isa = PBXGroup;
			children = (
				874FACF21B33A9D7002EABB0 /* SixOhFour.app */,
				874FAD0A1B33A9D7002EABB0 /* SixOhFourTests.xctest */,
			);
			name = Products;
			sourceTree = "<group>";
		};
		874FACF41B33A9D7002EABB0 /* SixOhFour */ = {
			isa = PBXGroup;
			children = (
				B9E34BC71B508C8800B9FD88 /* Main */,
				B9E34BBB1B5089F600B9FD88 /* Home */,
				B9E34BBF1B508A8900B9FD88 /* Clockin */,
				B9E34BC31B508AB500B9FD88 /* Calendar */,
				874FACF71B33A9D7002EABB0 /* AppDelegate.swift */,
				874FAD011B33A9D7002EABB0 /* Images.xcassets */,
				874FAD031B33A9D7002EABB0 /* LaunchScreen.xib */,
				874FACF91B33A9D7002EABB0 /* SixOhFour.xcdatamodeld */,
				874FACF51B33A9D7002EABB0 /* Supporting Files */,
			);
			path = SixOhFour;
			sourceTree = "<group>";
		};
		874FACF51B33A9D7002EABB0 /* Supporting Files */ = {
			isa = PBXGroup;
			children = (
				874FACF61B33A9D7002EABB0 /* Info.plist */,
			);
			name = "Supporting Files";
			sourceTree = "<group>";
		};
		874FAD0D1B33A9D7002EABB0 /* SixOhFourTests */ = {
			isa = PBXGroup;
			children = (
				874FAD101B33A9D7002EABB0 /* SixOhFourTests.swift */,
				874FAD0E1B33A9D7002EABB0 /* Supporting Files */,
			);
			path = SixOhFourTests;
			sourceTree = "<group>";
		};
		874FAD0E1B33A9D7002EABB0 /* Supporting Files */ = {
			isa = PBXGroup;
			children = (
				874FAD0F1B33A9D7002EABB0 /* Info.plist */,
			);
			name = "Supporting Files";
			sourceTree = "<group>";
		};
		B90FA0401B4320A6004B4D79 /* CVCalendar */ = {
			isa = PBXGroup;
			children = (
				B90FA0411B4320A6004B4D79 /* CVCalendarContentDelegate.swift */,
				B90FA0421B4320A6004B4D79 /* CVCalendarContentViewController.swift */,
				B90FA0431B4320A6004B4D79 /* CVCalendarDayView.swift */,
				B90FA0441B4320A6004B4D79 /* CVCalendarDayViewControlCoordinator.swift */,
				B90FA0451B4320A6004B4D79 /* CVCalendarManager.swift */,
				B90FA0461B4320A6004B4D79 /* CVCalendarMenuView.swift */,
				B90FA0471B4320A6004B4D79 /* CVCalendarMonthContentView.swift */,
				B90FA0481B4320A6004B4D79 /* CVCalendarMonthView.swift */,
				B90FA0491B4320A6004B4D79 /* CVCalendarRenderer.swift */,
				B90FA04A1B4320A6004B4D79 /* CVCalendarView.swift */,
				B90FA04B1B4320A6004B4D79 /* CVCalendarViewAnimator.swift */,
				B90FA04C1B4320A6004B4D79 /* CVCalendarViewAnimatorDelegate.swift */,
				B90FA04D1B4320A6004B4D79 /* CVCalendarViewAppearance.swift */,
				B90FA04E1B4320A6004B4D79 /* CVCalendarViewAppearanceDelegate.swift */,
				B90FA04F1B4320A6004B4D79 /* CVCalendarViewDelegate.swift */,
				B90FA0501B4320A6004B4D79 /* CVCalendarWeekContentRecovery.swift */,
				B90FA0511B4320A6004B4D79 /* CVCalendarWeekContentView.swift */,
				B90FA0521B4320A6004B4D79 /* CVCalendarWeekView.swift */,
				B90FA0531B4320A6004B4D79 /* CVCircleView.swift */,
				B90FA0541B4320A6004B4D79 /* CVDate.swift */,
			);
			path = CVCalendar;
			sourceTree = "<group>";
		};
		B9E34BBB1B5089F600B9FD88 /* Home */ = {
			isa = PBXGroup;
			children = (
				B9E34BBC1B508A0E00B9FD88 /* Model */,
				B9E34BBD1B508A1700B9FD88 /* View */,
				B9E34BBE1B508A4400B9FD88 /* View Controllers */,
				87238A451B3E25AA004D44CA /* AddJobStoryboard.storyboard */,
			);
			name = Home;
			sourceTree = "<group>";
		};
		B9E34BBC1B508A0E00B9FD88 /* Model */ = {
			isa = PBXGroup;
			children = (
				87B7C18D1B69C22800C65C96 /* Timelog.swift */,
				87B7C18B1B69C22800C65C96 /* ScheduledShift.swift */,
				87B7C1891B69C22800C65C96 /* Reminders.swift */,
				87B7C1871B69C22800C65C96 /* RepeatingSchedule.swift */,
				87B7C1831B69C22800C65C96 /* Company.swift */,
				87B7C1811B69C22800C65C96 /* UserPreferences.swift */,
				87B7C17F1B69C22700C65C96 /* WorkedShift.swift */,
				87B7C1851B69C22800C65C96 /* Job.swift */,
				87B7C18F1B69C91D00C65C96 /* Color.swift */,
				87F4B3771B57411C001B9526 /* JobColor.swift */,
				879277021B588B2C0023CBA6 /* PayRate.swift */,
			);
			name = Model;
			sourceTree = "<group>";
		};
		B9E34BBD1B508A1700B9FD88 /* View */ = {
			isa = PBXGroup;
			children = (
				B93E88881B45FFA00030877B /* JobColorView.swift */,
				87B57CD61B509B4400D9B438 /* JobsListCell.swift */,
			);
			name = View;
			sourceTree = "<group>";
		};
		B9E34BBE1B508A4400B9FD88 /* View Controllers */ = {
			isa = PBXGroup;
			children = (
				870CECBE1B4F4E9C00B30AAE /* PayRateTableViewController.swift */,
				870CECC01B4F77C900B30AAE /* AddJobTableViewController.swift */,
				B9BBE8AC1B3BE356004D68DB /* HomeViewController.swift */,
				879277001B5868E90023CBA6 /* JobOverviewViewController.swift */,
				871307381B630E4B00D96582 /* TimesheetViewController.swift */,
			);
			name = "View Controllers";
			sourceTree = "<group>";
		};
		B9E34BBF1B508A8900B9FD88 /* Clockin */ = {
			isa = PBXGroup;
			children = (
				B9E34BC21B508AA700B9FD88 /* Model */,
				B9E34BC11B508AA200B9FD88 /* View */,
				B9E34BC01B508A9800B9FD88 /* View Controllers */,
				001464771B4E06D400AC0C9F /* ClockInStoryboard.storyboard */,
			);
			name = Clockin;
			sourceTree = "<group>";
		};
		B9E34BC01B508A9800B9FD88 /* View Controllers */ = {
			isa = PBXGroup;
			children = (
				87238A4F1B3E3212004D44CA /* ClockInViewController.swift */,
				0014647B1B4E14FE00AC0C9F /* ClockInJobsPopoverViewController.swift */,
			);
			name = "View Controllers";
			sourceTree = "<group>";
		};
		B9E34BC11B508AA200B9FD88 /* View */ = {
			isa = PBXGroup;
			children = (
				0014647F1B4F4F6600AC0C9F /* ClockIn_TimeLogCell.swift */,
				005EAD521B52235600F8E970 /* ClockIn_EndedBreakCell.swift */,
			);
			name = View;
			sourceTree = "<group>";
		};
		B9E34BC21B508AA700B9FD88 /* Model */ = {
			isa = PBXGroup;
			children = (
				001464811B4F65D300AC0C9F /* TimeLogs.swift */,
			);
			name = Model;
			sourceTree = "<group>";
		};
		B9E34BC31B508AB500B9FD88 /* Calendar */ = {
			isa = PBXGroup;
			children = (
				B90FA0401B4320A6004B4D79 /* CVCalendar */,
				B9E34BC61B508AD200B9FD88 /* Model */,
				B9E34BC51B508ACD00B9FD88 /* View */,
				B9E34BC41B508AC200B9FD88 /* View Controllers */,
				87238A4B1B3E2EC5004D44CA /* CalendarStoryboard.storyboard */,
			);
			name = Calendar;
			sourceTree = "<group>";
		};
		B9E34BC41B508AC200B9FD88 /* View Controllers */ = {
			isa = PBXGroup;
			children = (
				87238A4D1B3E300A004D44CA /* CalendarViewController.swift */,
				B9920E6A1B3B7A1C0037B44B /* RepeatingScheduleViewController.swift */,
				B9C8A7B41B4E469E00C4BEEC /* AddScheduleTableViewController.swift */,
				B9E34BCA1B50D21800B9FD88 /* JobsListTableViewController.swift */,
				B992A18C1B582FFE006E5A2B /* SetRepeatTableViewController.swift */,
				B936D63E1B607674009777A7 /* EndRepeatTableViewController.swift */,
			);
			name = "View Controllers";
			sourceTree = "<group>";
		};
		B9E34BC51B508ACD00B9FD88 /* View */ = {
			isa = PBXGroup;
			children = (
				B93E888A1B46067E0030877B /* TodayScheduleCell.swift */,
				B9A0BFF11B5993E200433C96 /* RepeatOnDaysCell.swift */,
				B9A0BFEF1B5993BB00433C96 /* WeekDayCollectionViewCell.swift */,
			);
			name = View;
			sourceTree = "<group>";
		};
		B9E34BC61B508AD200B9FD88 /* Model */ = {
			isa = PBXGroup;
			children = (
				B93E88921B463BFD0030877B /* Shift.swift */,
				B992A1941B587CE1006E5A2B /* RepeatSettings.swift */,
			);
			name = Model;
			sourceTree = "<group>";
		};
		B9E34BC71B508C8800B9FD88 /* Main */ = {
			isa = PBXGroup;
			children = (
				B9920E681B3B711A0037B44B /* MainTabBarController.swift */,
				874FACFE1B33A9D7002EABB0 /* Main.storyboard */,
			);
			name = Main;
			sourceTree = "<group>";
		};
/* End PBXGroup section */

/* Begin PBXNativeTarget section */
		874FACF11B33A9D7002EABB0 /* SixOhFour */ = {
			isa = PBXNativeTarget;
			buildConfigurationList = 874FAD141B33A9D7002EABB0 /* Build configuration list for PBXNativeTarget "SixOhFour" */;
			buildPhases = (
				874FACEE1B33A9D7002EABB0 /* Sources */,
				874FACEF1B33A9D7002EABB0 /* Frameworks */,
				874FACF01B33A9D7002EABB0 /* Resources */,
			);
			buildRules = (
			);
			dependencies = (
			);
			name = SixOhFour;
			productName = SixOhFour;
			productReference = 874FACF21B33A9D7002EABB0 /* SixOhFour.app */;
			productType = "com.apple.product-type.application";
		};
		874FAD091B33A9D7002EABB0 /* SixOhFourTests */ = {
			isa = PBXNativeTarget;
			buildConfigurationList = 874FAD171B33A9D7002EABB0 /* Build configuration list for PBXNativeTarget "SixOhFourTests" */;
			buildPhases = (
				874FAD061B33A9D7002EABB0 /* Sources */,
				874FAD071B33A9D7002EABB0 /* Frameworks */,
				874FAD081B33A9D7002EABB0 /* Resources */,
			);
			buildRules = (
			);
			dependencies = (
				874FAD0C1B33A9D7002EABB0 /* PBXTargetDependency */,
			);
			name = SixOhFourTests;
			productName = SixOhFourTests;
			productReference = 874FAD0A1B33A9D7002EABB0 /* SixOhFourTests.xctest */;
			productType = "com.apple.product-type.bundle.unit-test";
		};
/* End PBXNativeTarget section */

/* Begin PBXProject section */
		874FACEA1B33A9D7002EABB0 /* Project object */ = {
			isa = PBXProject;
			attributes = {
				LastUpgradeCheck = 0630;
				ORGANIZATIONNAME = vinceboogie;
				TargetAttributes = {
					874FACF11B33A9D7002EABB0 = {
						CreatedOnToolsVersion = 6.3.2;
					};
					874FAD091B33A9D7002EABB0 = {
						CreatedOnToolsVersion = 6.3.2;
						TestTargetID = 874FACF11B33A9D7002EABB0;
					};
				};
			};
			buildConfigurationList = 874FACED1B33A9D7002EABB0 /* Build configuration list for PBXProject "SixOhFour" */;
			compatibilityVersion = "Xcode 3.2";
			developmentRegion = English;
			hasScannedForEncodings = 0;
			knownRegions = (
				en,
				Base,
			);
			mainGroup = 874FACE91B33A9D7002EABB0;
			productRefGroup = 874FACF31B33A9D7002EABB0 /* Products */;
			projectDirPath = "";
			projectRoot = "";
			targets = (
				874FACF11B33A9D7002EABB0 /* SixOhFour */,
				874FAD091B33A9D7002EABB0 /* SixOhFourTests */,
			);
		};
/* End PBXProject section */

/* Begin PBXResourcesBuildPhase section */
		874FACF01B33A9D7002EABB0 /* Resources */ = {
			isa = PBXResourcesBuildPhase;
			buildActionMask = 2147483647;
			files = (
				87238A4C1B3E2EC5004D44CA /* CalendarStoryboard.storyboard in Resources */,
				874FAD001B33A9D7002EABB0 /* Main.storyboard in Resources */,
				874FAD051B33A9D7002EABB0 /* LaunchScreen.xib in Resources */,
				874FAD021B33A9D7002EABB0 /* Images.xcassets in Resources */,
				87238A461B3E25AA004D44CA /* AddJobStoryboard.storyboard in Resources */,
				001464781B4E06D400AC0C9F /* ClockInStoryboard.storyboard in Resources */,
			);
			runOnlyForDeploymentPostprocessing = 0;
		};
		874FAD081B33A9D7002EABB0 /* Resources */ = {
			isa = PBXResourcesBuildPhase;
			buildActionMask = 2147483647;
			files = (
			);
			runOnlyForDeploymentPostprocessing = 0;
		};
/* End PBXResourcesBuildPhase section */

/* Begin PBXSourcesBuildPhase section */
		874FACEE1B33A9D7002EABB0 /* Sources */ = {
			isa = PBXSourcesBuildPhase;
			buildActionMask = 2147483647;
			files = (
				B90FA0571B4320A6004B4D79 /* CVCalendarDayView.swift in Sources */,
				87B7C18E1B69C22800C65C96 /* Timelog.swift in Sources */,
				87238A4E1B3E300A004D44CA /* CalendarViewController.swift in Sources */,
				87B7C18C1B69C22800C65C96 /* ScheduledShift.swift in Sources */,
				87B7C1901B69C91D00C65C96 /* Color.swift in Sources */,
				87B7C1801B69C22700C65C96 /* WorkedShift.swift in Sources */,
				B93E88891B45FFA00030877B /* JobColorView.swift in Sources */,
				B90FA05C1B4320A6004B4D79 /* CVCalendarMonthView.swift in Sources */,
				B93E88931B463BFD0030877B /* Shift.swift in Sources */,
				B992A1951B587CE1006E5A2B /* RepeatSettings.swift in Sources */,
				B90FA0611B4320A6004B4D79 /* CVCalendarViewAppearance.swift in Sources */,
				B90FA0561B4320A6004B4D79 /* CVCalendarContentViewController.swift in Sources */,
				B90FA0661B4320A6004B4D79 /* CVCalendarWeekView.swift in Sources */,
				879277031B588B2C0023CBA6 /* PayRate.swift in Sources */,
				B90FA05F1B4320A6004B4D79 /* CVCalendarViewAnimator.swift in Sources */,
				B90FA0641B4320A6004B4D79 /* CVCalendarWeekContentRecovery.swift in Sources */,
				870CECBF1B4F4E9C00B30AAE /* PayRateTableViewController.swift in Sources */,
				B936D63F1B607674009777A7 /* EndRepeatTableViewController.swift in Sources */,
				87238A501B3E3212004D44CA /* ClockInViewController.swift in Sources */,
				B9A0BFF01B5993BB00433C96 /* WeekDayCollectionViewCell.swift in Sources */,
				B9C8A7B51B4E469E00C4BEEC /* AddScheduleTableViewController.swift in Sources */,
				B90FA0551B4320A6004B4D79 /* CVCalendarContentDelegate.swift in Sources */,
				B90FA05A1B4320A6004B4D79 /* CVCalendarMenuView.swift in Sources */,
				87B7C1821B69C22800C65C96 /* UserPreferences.swift in Sources */,
				001464801B4F4F6600AC0C9F /* ClockIn_TimeLogCell.swift in Sources */,
				B90FA0621B4320A6004B4D79 /* CVCalendarViewAppearanceDelegate.swift in Sources */,
				B90FA0631B4320A6004B4D79 /* CVCalendarViewDelegate.swift in Sources */,
				B90FA0591B4320A6004B4D79 /* CVCalendarManager.swift in Sources */,
				87F4B3781B57411C001B9526 /* JobColor.swift in Sources */,
				B93E888B1B46067E0030877B /* TodayScheduleCell.swift in Sources */,
				87B57CD71B509B4400D9B438 /* JobsListCell.swift in Sources */,
				874FACF81B33A9D7002EABB0 /* AppDelegate.swift in Sources */,
				B992A18D1B582FFE006E5A2B /* SetRepeatTableViewController.swift in Sources */,
				001464821B4F65D300AC0C9F /* TimeLogs.swift in Sources */,
				B9E34BCB1B50D21800B9FD88 /* JobsListTableViewController.swift in Sources */,
				879277011B5868E90023CBA6 /* JobOverviewViewController.swift in Sources */,
				87B7C1881B69C22800C65C96 /* RepeatingSchedule.swift in Sources */,
				871307391B630E4B00D96582 /* TimesheetViewController.swift in Sources */,
				B90FA0671B4320A6004B4D79 /* CVCircleView.swift in Sources */,
				87B7C1861B69C22800C65C96 /* Job.swift in Sources */,
				B90FA05B1B4320A6004B4D79 /* CVCalendarMonthContentView.swift in Sources */,
				B9A0BFF21B5993E200433C96 /* RepeatOnDaysCell.swift in Sources */,
				B9920E691B3B711A0037B44B /* MainTabBarController.swift in Sources */,
				005EAD531B52235600F8E970 /* ClockIn_EndedBreakCell.swift in Sources */,
				B90FA05E1B4320A6004B4D79 /* CVCalendarView.swift in Sources */,
				870CECC11B4F77C900B30AAE /* AddJobTableViewController.swift in Sources */,
				874FACFB1B33A9D7002EABB0 /* SixOhFour.xcdatamodeld in Sources */,
				B90FA05D1B4320A6004B4D79 /* CVCalendarRenderer.swift in Sources */,
				B90FA0681B4320A6004B4D79 /* CVDate.swift in Sources */,
				B90FA0581B4320A6004B4D79 /* CVCalendarDayViewControlCoordinator.swift in Sources */,
				87B7C1841B69C22800C65C96 /* Company.swift in Sources */,
				B90FA0601B4320A6004B4D79 /* CVCalendarViewAnimatorDelegate.swift in Sources */,
				87B7C18A1B69C22800C65C96 /* Reminders.swift in Sources */,
				0014647C1B4E14FE00AC0C9F /* ClockInJobsPopoverViewController.swift in Sources */,
				B9BBE8AD1B3BE356004D68DB /* HomeViewController.swift in Sources */,
				B9920E6B1B3B7A1C0037B44B /* RepeatingScheduleViewController.swift in Sources */,
				B90FA0651B4320A6004B4D79 /* CVCalendarWeekContentView.swift in Sources */,
			);
			runOnlyForDeploymentPostprocessing = 0;
		};
		874FAD061B33A9D7002EABB0 /* Sources */ = {
			isa = PBXSourcesBuildPhase;
			buildActionMask = 2147483647;
			files = (
				874FAD111B33A9D7002EABB0 /* SixOhFourTests.swift in Sources */,
			);
			runOnlyForDeploymentPostprocessing = 0;
		};
/* End PBXSourcesBuildPhase section */

/* Begin PBXTargetDependency section */
		874FAD0C1B33A9D7002EABB0 /* PBXTargetDependency */ = {
			isa = PBXTargetDependency;
			target = 874FACF11B33A9D7002EABB0 /* SixOhFour */;
			targetProxy = 874FAD0B1B33A9D7002EABB0 /* PBXContainerItemProxy */;
		};
/* End PBXTargetDependency section */

/* Begin PBXVariantGroup section */
		874FACFE1B33A9D7002EABB0 /* Main.storyboard */ = {
			isa = PBXVariantGroup;
			children = (
				874FACFF1B33A9D7002EABB0 /* Base */,
			);
			name = Main.storyboard;
			sourceTree = "<group>";
		};
		874FAD031B33A9D7002EABB0 /* LaunchScreen.xib */ = {
			isa = PBXVariantGroup;
			children = (
				874FAD041B33A9D7002EABB0 /* Base */,
			);
			name = LaunchScreen.xib;
			sourceTree = "<group>";
		};
/* End PBXVariantGroup section */

/* Begin XCBuildConfiguration section */
		874FAD121B33A9D7002EABB0 /* Debug */ = {
			isa = XCBuildConfiguration;
			buildSettings = {
				ALWAYS_SEARCH_USER_PATHS = NO;
				CLANG_CXX_LANGUAGE_STANDARD = "gnu++0x";
				CLANG_CXX_LIBRARY = "libc++";
				CLANG_ENABLE_MODULES = YES;
				CLANG_ENABLE_OBJC_ARC = YES;
				CLANG_WARN_BOOL_CONVERSION = YES;
				CLANG_WARN_CONSTANT_CONVERSION = YES;
				CLANG_WARN_DIRECT_OBJC_ISA_USAGE = YES_ERROR;
				CLANG_WARN_EMPTY_BODY = YES;
				CLANG_WARN_ENUM_CONVERSION = YES;
				CLANG_WARN_INT_CONVERSION = YES;
				CLANG_WARN_OBJC_ROOT_CLASS = YES_ERROR;
				CLANG_WARN_UNREACHABLE_CODE = YES;
				CLANG_WARN__DUPLICATE_METHOD_MATCH = YES;
				"CODE_SIGN_IDENTITY[sdk=iphoneos*]" = "iPhone Developer";
				COPY_PHASE_STRIP = NO;
				DEBUG_INFORMATION_FORMAT = "dwarf-with-dsym";
				ENABLE_STRICT_OBJC_MSGSEND = YES;
				GCC_C_LANGUAGE_STANDARD = gnu99;
				GCC_DYNAMIC_NO_PIC = NO;
				GCC_NO_COMMON_BLOCKS = YES;
				GCC_OPTIMIZATION_LEVEL = 0;
				GCC_PREPROCESSOR_DEFINITIONS = (
					"DEBUG=1",
					"$(inherited)",
				);
				GCC_SYMBOLS_PRIVATE_EXTERN = NO;
				GCC_WARN_64_TO_32_BIT_CONVERSION = YES;
				GCC_WARN_ABOUT_RETURN_TYPE = YES_ERROR;
				GCC_WARN_UNDECLARED_SELECTOR = YES;
				GCC_WARN_UNINITIALIZED_AUTOS = YES_AGGRESSIVE;
				GCC_WARN_UNUSED_FUNCTION = YES;
				GCC_WARN_UNUSED_VARIABLE = YES;
				IPHONEOS_DEPLOYMENT_TARGET = 8.3;
				MTL_ENABLE_DEBUG_INFO = YES;
				ONLY_ACTIVE_ARCH = YES;
				SDKROOT = iphoneos;
				SWIFT_OPTIMIZATION_LEVEL = "-Onone";
			};
			name = Debug;
		};
		874FAD131B33A9D7002EABB0 /* Release */ = {
			isa = XCBuildConfiguration;
			buildSettings = {
				ALWAYS_SEARCH_USER_PATHS = NO;
				CLANG_CXX_LANGUAGE_STANDARD = "gnu++0x";
				CLANG_CXX_LIBRARY = "libc++";
				CLANG_ENABLE_MODULES = YES;
				CLANG_ENABLE_OBJC_ARC = YES;
				CLANG_WARN_BOOL_CONVERSION = YES;
				CLANG_WARN_CONSTANT_CONVERSION = YES;
				CLANG_WARN_DIRECT_OBJC_ISA_USAGE = YES_ERROR;
				CLANG_WARN_EMPTY_BODY = YES;
				CLANG_WARN_ENUM_CONVERSION = YES;
				CLANG_WARN_INT_CONVERSION = YES;
				CLANG_WARN_OBJC_ROOT_CLASS = YES_ERROR;
				CLANG_WARN_UNREACHABLE_CODE = YES;
				CLANG_WARN__DUPLICATE_METHOD_MATCH = YES;
				"CODE_SIGN_IDENTITY[sdk=iphoneos*]" = "iPhone Developer";
				COPY_PHASE_STRIP = NO;
				DEBUG_INFORMATION_FORMAT = "dwarf-with-dsym";
				ENABLE_NS_ASSERTIONS = NO;
				ENABLE_STRICT_OBJC_MSGSEND = YES;
				GCC_C_LANGUAGE_STANDARD = gnu99;
				GCC_NO_COMMON_BLOCKS = YES;
				GCC_WARN_64_TO_32_BIT_CONVERSION = YES;
				GCC_WARN_ABOUT_RETURN_TYPE = YES_ERROR;
				GCC_WARN_UNDECLARED_SELECTOR = YES;
				GCC_WARN_UNINITIALIZED_AUTOS = YES_AGGRESSIVE;
				GCC_WARN_UNUSED_FUNCTION = YES;
				GCC_WARN_UNUSED_VARIABLE = YES;
				IPHONEOS_DEPLOYMENT_TARGET = 8.3;
				MTL_ENABLE_DEBUG_INFO = NO;
				SDKROOT = iphoneos;
				VALIDATE_PRODUCT = YES;
			};
			name = Release;
		};
		874FAD151B33A9D7002EABB0 /* Debug */ = {
			isa = XCBuildConfiguration;
			buildSettings = {
				ASSETCATALOG_COMPILER_APPICON_NAME = AppIcon;
				INFOPLIST_FILE = SixOhFour/Info.plist;
				IPHONEOS_DEPLOYMENT_TARGET = 8.2;
				LD_RUNPATH_SEARCH_PATHS = "$(inherited) @executable_path/Frameworks";
				PRODUCT_NAME = "$(TARGET_NAME)";
			};
			name = Debug;
		};
		874FAD161B33A9D7002EABB0 /* Release */ = {
			isa = XCBuildConfiguration;
			buildSettings = {
				ASSETCATALOG_COMPILER_APPICON_NAME = AppIcon;
				INFOPLIST_FILE = SixOhFour/Info.plist;
				IPHONEOS_DEPLOYMENT_TARGET = 8.2;
				LD_RUNPATH_SEARCH_PATHS = "$(inherited) @executable_path/Frameworks";
				PRODUCT_NAME = "$(TARGET_NAME)";
			};
			name = Release;
		};
		874FAD181B33A9D7002EABB0 /* Debug */ = {
			isa = XCBuildConfiguration;
			buildSettings = {
				BUNDLE_LOADER = "$(TEST_HOST)";
				FRAMEWORK_SEARCH_PATHS = (
					"$(SDKROOT)/Developer/Library/Frameworks",
					"$(inherited)",
				);
				GCC_PREPROCESSOR_DEFINITIONS = (
					"DEBUG=1",
					"$(inherited)",
				);
				INFOPLIST_FILE = SixOhFourTests/Info.plist;
				IPHONEOS_DEPLOYMENT_TARGET = 8.2;
				LD_RUNPATH_SEARCH_PATHS = "$(inherited) @executable_path/Frameworks @loader_path/Frameworks";
				PRODUCT_NAME = "$(TARGET_NAME)";
				TEST_HOST = "$(BUILT_PRODUCTS_DIR)/SixOhFour.app/SixOhFour";
			};
			name = Debug;
		};
		874FAD191B33A9D7002EABB0 /* Release */ = {
			isa = XCBuildConfiguration;
			buildSettings = {
				BUNDLE_LOADER = "$(TEST_HOST)";
				FRAMEWORK_SEARCH_PATHS = (
					"$(SDKROOT)/Developer/Library/Frameworks",
					"$(inherited)",
				);
				INFOPLIST_FILE = SixOhFourTests/Info.plist;
				IPHONEOS_DEPLOYMENT_TARGET = 8.2;
				LD_RUNPATH_SEARCH_PATHS = "$(inherited) @executable_path/Frameworks @loader_path/Frameworks";
				PRODUCT_NAME = "$(TARGET_NAME)";
				TEST_HOST = "$(BUILT_PRODUCTS_DIR)/SixOhFour.app/SixOhFour";
			};
			name = Release;
		};
/* End XCBuildConfiguration section */

/* Begin XCConfigurationList section */
		874FACED1B33A9D7002EABB0 /* Build configuration list for PBXProject "SixOhFour" */ = {
			isa = XCConfigurationList;
			buildConfigurations = (
				874FAD121B33A9D7002EABB0 /* Debug */,
				874FAD131B33A9D7002EABB0 /* Release */,
			);
			defaultConfigurationIsVisible = 0;
			defaultConfigurationName = Release;
		};
		874FAD141B33A9D7002EABB0 /* Build configuration list for PBXNativeTarget "SixOhFour" */ = {
			isa = XCConfigurationList;
			buildConfigurations = (
				874FAD151B33A9D7002EABB0 /* Debug */,
				874FAD161B33A9D7002EABB0 /* Release */,
			);
			defaultConfigurationIsVisible = 0;
			defaultConfigurationName = Release;
		};
		874FAD171B33A9D7002EABB0 /* Build configuration list for PBXNativeTarget "SixOhFourTests" */ = {
			isa = XCConfigurationList;
			buildConfigurations = (
				874FAD181B33A9D7002EABB0 /* Debug */,
				874FAD191B33A9D7002EABB0 /* Release */,
			);
			defaultConfigurationIsVisible = 0;
			defaultConfigurationName = Release;
		};
/* End XCConfigurationList section */

/* Begin XCVersionGroup section */
		874FACF91B33A9D7002EABB0 /* SixOhFour.xcdatamodeld */ = {
			isa = XCVersionGroup;
			children = (
				87B7C17E1B69AAAE00C65C96 /* SixOhFourV3.xcdatamodel */,
				87B57CD51B5090D100D9B438 /* SixOhFourV2.xcdatamodel */,
				874FACFA1B33A9D7002EABB0 /* SixOhFour.xcdatamodel */,
			);
			currentVersion = 87B7C17E1B69AAAE00C65C96 /* SixOhFourV3.xcdatamodel */;
			path = SixOhFour.xcdatamodeld;
			sourceTree = "<group>";
			versionGroupType = wrapper.xcdatamodel;
		};
/* End XCVersionGroup section */
	};
	rootObject = 874FACEA1B33A9D7002EABB0 /* Project object */;
}
